// !$*UTF8*$!
{
	archiveVersion = 1;
	classes = {
	};
	objectVersion = 46;
	objects = {

/* Begin PBXBuildFile section */
		3C1BD8671BEB8B47003E34F8 /* CentralViewController.swift in Sources */ = {isa = PBXBuildFile; fileRef = 3C1BD8661BEB8B47003E34F8 /* CentralViewController.swift */; };
		3C1BD86D1BEB8DA9003E34F8 /* Colors.swift in Sources */ = {isa = PBXBuildFile; fileRef = 3C1BD86C1BEB8DA9003E34F8 /* Colors.swift */; };
		3C1BD8761BEF85BD003E34F8 /* JavaScriptCore.framework in Frameworks */ = {isa = PBXBuildFile; fileRef = 3C1BD8751BEF85BD003E34F8 /* JavaScriptCore.framework */; };
		3C1BDF811BF0C9E3003E34F8 /* libz.tbd in Frameworks */ = {isa = PBXBuildFile; fileRef = 3C1BDF801BF0C9E3003E34F8 /* libz.tbd */; };
		3C1BDF831BF0C9ED003E34F8 /* libicucore.tbd in Frameworks */ = {isa = PBXBuildFile; fileRef = 3C1BDF821BF0C9ED003E34F8 /* libicucore.tbd */; };
		3C1BDF8A1BF0CA60003E34F8 /* SMS_SDKLocalizable.strings in Resources */ = {isa = PBXBuildFile; fileRef = 3C1BDF851BF0CA60003E34F8 /* SMS_SDKLocalizable.strings */; };
		3C1BDF8B1BF0CA60003E34F8 /* MOBFoundation.framework in Frameworks */ = {isa = PBXBuildFile; fileRef = 3C1BDF871BF0CA60003E34F8 /* MOBFoundation.framework */; };
		3C1BDF8C1BF0CA60003E34F8 /* SMS_SDK.framework in Frameworks */ = {isa = PBXBuildFile; fileRef = 3C1BDF881BF0CA60003E34F8 /* SMS_SDK.framework */; };
		3C1BDF8D1BF0CA91003E34F8 /* libstdc++.tbd in Frameworks */ = {isa = PBXBuildFile; fileRef = 3C1BDF731BF0C02F003E34F8 /* libstdc++.tbd */; };
		3C1BDF8F1BF0D090003E34F8 /* SMS.storyboard in Resources */ = {isa = PBXBuildFile; fileRef = 3C1BDF8E1BF0D090003E34F8 /* SMS.storyboard */; };
		3C1BDF911BF0D5C7003E34F8 /* SMSViewController.swift in Sources */ = {isa = PBXBuildFile; fileRef = 3C1BDF901BF0D5C7003E34F8 /* SMSViewController.swift */; };
		3C1BDF941BF235AA003E34F8 /* TemperatureViewController.swift in Sources */ = {isa = PBXBuildFile; fileRef = 3C1BDF921BF235AA003E34F8 /* TemperatureViewController.swift */; };
		3C1BDF951BF235AA003E34F8 /* TemperatureViewController.xib in Resources */ = {isa = PBXBuildFile; fileRef = 3C1BDF931BF235AA003E34F8 /* TemperatureViewController.xib */; };
		3C3947441BE9012300E7FE90 /* Images.xcassets in Resources */ = {isa = PBXBuildFile; fileRef = 3C3947431BE9012300E7FE90 /* Images.xcassets */; };
		3C76DDF71BF63924004C1BF4 /* NavigationAccessoryView.swift in Sources */ = {isa = PBXBuildFile; fileRef = 3C76DDF61BF63924004C1BF4 /* NavigationAccessoryView.swift */; };
		3C80A5D51BCA5A9C0050B6B6 /* AppDelegate.swift in Sources */ = {isa = PBXBuildFile; fileRef = 3C80A5D41BCA5A9C0050B6B6 /* AppDelegate.swift */; };
		3C80A5D71BCA5A9C0050B6B6 /* CupViewController.swift in Sources */ = {isa = PBXBuildFile; fileRef = 3C80A5D61BCA5A9C0050B6B6 /* CupViewController.swift */; };
		3C80A5E11BCA5A9D0050B6B6 /* LaunchScreen.storyboard in Resources */ = {isa = PBXBuildFile; fileRef = 3C80A5DF1BCA5A9D0050B6B6 /* LaunchScreen.storyboard */; };
		3C80A5EC1BCA5A9D0050B6B6 /* CupTests.swift in Sources */ = {isa = PBXBuildFile; fileRef = 3C80A5EB1BCA5A9D0050B6B6 /* CupTests.swift */; };
		3C9BFFAB1D7AA3F2007C0E89 /* ClockTableViewController.swift in Sources */ = {isa = PBXBuildFile; fileRef = 3C9BFFAA1D7AA3F2007C0E89 /* ClockTableViewController.swift */; };
		3C9BFFAE1D7AA69F007C0E89 /* ClockTableViewCell.swift in Sources */ = {isa = PBXBuildFile; fileRef = 3C9BFFAC1D7AA69F007C0E89 /* ClockTableViewCell.swift */; };
		3C9BFFAF1D7AA69F007C0E89 /* ClockTableViewCell.xib in Resources */ = {isa = PBXBuildFile; fileRef = 3C9BFFAD1D7AA69F007C0E89 /* ClockTableViewCell.xib */; };
		3C9BFFB11D7ABA56007C0E89 /* ClockHeaderView.swift in Sources */ = {isa = PBXBuildFile; fileRef = 3C9BFFB01D7ABA56007C0E89 /* ClockHeaderView.swift */; };
		3C9BFFB31D7ABA65007C0E89 /* ClockHeaderView.xib in Resources */ = {isa = PBXBuildFile; fileRef = 3C9BFFB21D7ABA65007C0E89 /* ClockHeaderView.xib */; };
		3C9BFFB61D7ADC39007C0E89 /* AddClockViewController.swift in Sources */ = {isa = PBXBuildFile; fileRef = 3C9BFFB41D7ADC39007C0E89 /* AddClockViewController.swift */; };
		3C9BFFB71D7ADC39007C0E89 /* AddClockViewController.xib in Resources */ = {isa = PBXBuildFile; fileRef = 3C9BFFB51D7ADC39007C0E89 /* AddClockViewController.xib */; };
		3C9BFFB91D7C0092007C0E89 /* AccoutBindViewController.xib in Resources */ = {isa = PBXBuildFile; fileRef = 3C9BFFB81D7C0092007C0E89 /* AccoutBindViewController.xib */; };
		3C9BFFBB1D7C00A1007C0E89 /* AccoutBindViewController.swift in Sources */ = {isa = PBXBuildFile; fileRef = 3C9BFFBA1D7C00A1007C0E89 /* AccoutBindViewController.swift */; };
		3C9BFFBE1D7C02BF007C0E89 /* PushSettingViewController.swift in Sources */ = {isa = PBXBuildFile; fileRef = 3C9BFFBC1D7C02BF007C0E89 /* PushSettingViewController.swift */; };
		3C9BFFBF1D7C02BF007C0E89 /* PushSettingViewController.xib in Resources */ = {isa = PBXBuildFile; fileRef = 3C9BFFBD1D7C02BF007C0E89 /* PushSettingViewController.xib */; };
		3CC57E031BE7BA490050E64E /* KSPickerView.swift in Sources */ = {isa = PBXBuildFile; fileRef = 3CC57E021BE7BA490050E64E /* KSPickerView.swift */; };
		3CCCA7131D5F57D100AFC6A1 /* WaterViewController.swift in Sources */ = {isa = PBXBuildFile; fileRef = 3CCCA7121D5F57D100AFC6A1 /* WaterViewController.swift */; };
		3CCCA7151D5F586900AFC6A1 /* ShareViewController.swift in Sources */ = {isa = PBXBuildFile; fileRef = 3CCCA7141D5F586900AFC6A1 /* ShareViewController.swift */; };
		3CCCA7171D5F672800AFC6A1 /* ShareSheet.xib in Resources */ = {isa = PBXBuildFile; fileRef = 3CCCA7161D5F672800AFC6A1 /* ShareSheet.xib */; };
		3CCCA7191D5F67F800AFC6A1 /* ShareSheet.swift in Sources */ = {isa = PBXBuildFile; fileRef = 3CCCA7181D5F67F800AFC6A1 /* ShareSheet.swift */; };
		3CCCA71B1D60080D00AFC6A1 /* WaterCycleView.swift in Sources */ = {isa = PBXBuildFile; fileRef = 3CCCA71A1D60080D00AFC6A1 /* WaterCycleView.swift */; };
		3CCF7EF31D635B77004B664F /* WaterHistoryViewController.swift in Sources */ = {isa = PBXBuildFile; fileRef = 3CCF7EF21D635B77004B664F /* WaterHistoryViewController.swift */; };
		3CDF8A7A1CEB02E500B2675B /* 1.gif in Resources */ = {isa = PBXBuildFile; fileRef = 3CDF8A721CEB02E500B2675B /* 1.gif */; };
		3CDF8A7B1CEB02E500B2675B /* 2.gif in Resources */ = {isa = PBXBuildFile; fileRef = 3CDF8A731CEB02E500B2675B /* 2.gif */; };
		3CDF8A7C1CEB02E500B2675B /* 3.gif in Resources */ = {isa = PBXBuildFile; fileRef = 3CDF8A741CEB02E500B2675B /* 3.gif */; };
		3CDF8A7D1CEB02E500B2675B /* 4.gif in Resources */ = {isa = PBXBuildFile; fileRef = 3CDF8A751CEB02E500B2675B /* 4.gif */; };
		3CDF8A7E1CEB02E500B2675B /* 5.gif in Resources */ = {isa = PBXBuildFile; fileRef = 3CDF8A761CEB02E500B2675B /* 5.gif */; };
		3CDF8A7F1CEB02E500B2675B /* 6.gif in Resources */ = {isa = PBXBuildFile; fileRef = 3CDF8A771CEB02E500B2675B /* 6.gif */; };
		3CDF8A801CEB02E500B2675B /* 7.gif in Resources */ = {isa = PBXBuildFile; fileRef = 3CDF8A781CEB02E500B2675B /* 7.gif */; };
		3CDF8A811CEB02E500B2675B /* 8.gif in Resources */ = {isa = PBXBuildFile; fileRef = 3CDF8A791CEB02E500B2675B /* 8.gif */; };
		3CECE6811BF38A0400C43890 /* FirmwareViewController.swift in Sources */ = {isa = PBXBuildFile; fileRef = 3CECE67F1BF38A0400C43890 /* FirmwareViewController.swift */; };
		3CECE6821BF38A0400C43890 /* FirmwareViewController.xib in Resources */ = {isa = PBXBuildFile; fileRef = 3CECE6801BF38A0400C43890 /* FirmwareViewController.xib */; };
		3CECE6851BF3996500C43890 /* AboutUsViewController.swift in Sources */ = {isa = PBXBuildFile; fileRef = 3CECE6831BF3996500C43890 /* AboutUsViewController.swift */; };
		3CECE6861BF3996500C43890 /* AboutUsViewController.xib in Resources */ = {isa = PBXBuildFile; fileRef = 3CECE6841BF3996500C43890 /* AboutUsViewController.xib */; };
		57AE249C091790BAA6E3D324 /* Pods_Cup.framework in Frameworks */ = {isa = PBXBuildFile; fileRef = 947BD9FD1529559B11147E88 /* Pods_Cup.framework */; };
		CB3CF8891BE9B04F008D577E /* UserLoginViewController.swift in Sources */ = {isa = PBXBuildFile; fileRef = CB3CF8881BE9B04F008D577E /* UserLoginViewController.swift */; };
		CB3CF88B1BE9B071008D577E /* UserRegistViewController.swift in Sources */ = {isa = PBXBuildFile; fileRef = CB3CF88A1BE9B071008D577E /* UserRegistViewController.swift */; };
		CB3CF88D1BE9B0AC008D577E /* Login.storyboard in Resources */ = {isa = PBXBuildFile; fileRef = CB3CF88C1BE9B0AC008D577E /* Login.storyboard */; };
		CB3CF8941BE9DD6E008D577E /* KSGuidanceViewController.swift in Sources */ = {isa = PBXBuildFile; fileRef = CB3CF8921BE9DD6E008D577E /* KSGuidanceViewController.swift */; };
		CB3CF8951BE9DD6E008D577E /* KSGuidanceViewController.xib in Resources */ = {isa = PBXBuildFile; fileRef = CB3CF8931BE9DD6E008D577E /* KSGuidanceViewController.xib */; };
		CB6EF3F01BF09FDD0040BF6E /* IndicatorView.swift in Sources */ = {isa = PBXBuildFile; fileRef = CB6EF3EF1BF09FDD0040BF6E /* IndicatorView.swift */; };
		CB89F7B31BE70B2700FD21FD /* ClockCollectionViewCell.swift in Sources */ = {isa = PBXBuildFile; fileRef = CB89F7B11BE70B2700FD21FD /* ClockCollectionViewCell.swift */; };
		CB89F7B41BE70B2700FD21FD /* ClockCollectionViewCell.xib in Resources */ = {isa = PBXBuildFile; fileRef = CB89F7B21BE70B2700FD21FD /* ClockCollectionViewCell.xib */; };
		CB89F7B71BE7101200FD21FD /* ClockCollectionViewController.swift in Sources */ = {isa = PBXBuildFile; fileRef = CB89F7B51BE7101200FD21FD /* ClockCollectionViewController.swift */; };
		CB89F7BB1BE710EE00FD21FD /* TabBarViewController.swift in Sources */ = {isa = PBXBuildFile; fileRef = CB89F7B91BE710EE00FD21FD /* TabBarViewController.swift */; };
		CB89F7C01BE7150A00FD21FD /* R.generated.swift in Sources */ = {isa = PBXBuildFile; fileRef = CB89F7BF1BE7150A00FD21FD /* R.generated.swift */; };
		CB89F7C41BE73CD300FD21FD /* CupProvider.swift in Sources */ = {isa = PBXBuildFile; fileRef = CB89F7C31BE73CD300FD21FD /* CupProvider.swift */; };
		CBBCA3FF1BF18A30002E04F7 /* ClockCollectionHeaderView.swift in Sources */ = {isa = PBXBuildFile; fileRef = CBBCA3FD1BF18A30002E04F7 /* ClockCollectionHeaderView.swift */; };
		CBBCA4001BF18A30002E04F7 /* ClockCollectionHeaderView.xib in Resources */ = {isa = PBXBuildFile; fileRef = CBBCA3FE1BF18A30002E04F7 /* ClockCollectionHeaderView.xib */; };
		CBE1DC291BE9EE5B00E1FF29 /* Main.storyboard in Resources */ = {isa = PBXBuildFile; fileRef = CBE1DC281BE9EE5B00E1FF29 /* Main.storyboard */; };
		CBE1DC2B1BE9F06E00E1FF29 /* MineViewController.swift in Sources */ = {isa = PBXBuildFile; fileRef = CBE1DC2A1BE9F06E00E1FF29 /* MineViewController.swift */; };
		CBE1DC2D1BE9F81C00E1FF29 /* AccountViewController.swift in Sources */ = {isa = PBXBuildFile; fileRef = CBE1DC2C1BE9F81C00E1FF29 /* AccountViewController.swift */; };
		CBE1DC301BE9F92200E1FF29 /* AccountTableViewCell.swift in Sources */ = {isa = PBXBuildFile; fileRef = CBE1DC2E1BE9F92200E1FF29 /* AccountTableViewCell.swift */; };
		CBE1DC311BE9F92200E1FF29 /* AccountTableViewCell.xib in Resources */ = {isa = PBXBuildFile; fileRef = CBE1DC2F1BE9F92200E1FF29 /* AccountTableViewCell.xib */; };
		CBE1DC331BEA04ED00E1FF29 /* AccountModel.swift in Sources */ = {isa = PBXBuildFile; fileRef = CBE1DC321BEA04ED00E1FF29 /* AccountModel.swift */; };
		CBE1DC3A1BEC81F900E1FF29 /* MineTableViewCell.swift in Sources */ = {isa = PBXBuildFile; fileRef = CBE1DC381BEC81F900E1FF29 /* MineTableViewCell.swift */; };
		CBE1DC3B1BEC81F900E1FF29 /* MineTableViewCell.xib in Resources */ = {isa = PBXBuildFile; fileRef = CBE1DC391BEC81F900E1FF29 /* MineTableViewCell.xib */; };
		CBE9E7C51BE88A1B00CE922B /* ClockModel.swift in Sources */ = {isa = PBXBuildFile; fileRef = CBE9E7C41BE88A1B00CE922B /* ClockModel.swift */; };
		CBF5E3691BF1DAE0002D4F8F /* CupHeaderView.swift in Sources */ = {isa = PBXBuildFile; fileRef = CBF5E3681BF1DAE0002D4F8F /* CupHeaderView.swift */; };
		CBF5E36D1BF1ED3E002D4F8F /* TemperatureModel.swift in Sources */ = {isa = PBXBuildFile; fileRef = CBF5E36C1BF1ED3E002D4F8F /* TemperatureModel.swift */; };
		CBF5E3701BF1F1CE002D4F8F /* TemperatureTableViewCell.swift in Sources */ = {isa = PBXBuildFile; fileRef = CBF5E36E1BF1F1CE002D4F8F /* TemperatureTableViewCell.swift */; };
		CBF5E3711BF1F1CE002D4F8F /* TemperatureTableViewCell.xib in Resources */ = {isa = PBXBuildFile; fileRef = CBF5E36F1BF1F1CE002D4F8F /* TemperatureTableViewCell.xib */; };
		CBF5E3751BF1F6E3002D4F8F /* CupHeaderView.xib in Resources */ = {isa = PBXBuildFile; fileRef = CBF5E3741BF1F6E3002D4F8F /* CupHeaderView.xib */; };
/* End PBXBuildFile section */

/* Begin PBXContainerItemProxy section */
		3C80A5E81BCA5A9D0050B6B6 /* PBXContainerItemProxy */ = {
			isa = PBXContainerItemProxy;
			containerPortal = 3C80A5C91BCA5A9C0050B6B6 /* Project object */;
			proxyType = 1;
			remoteGlobalIDString = 3C80A5D01BCA5A9C0050B6B6;
			remoteInfo = Cup;
		};
/* End PBXContainerItemProxy section */

/* Begin PBXFileReference section */
		3C1BD8661BEB8B47003E34F8 /* CentralViewController.swift */ = {isa = PBXFileReference; fileEncoding = 4; lastKnownFileType = sourcecode.swift; path = CentralViewController.swift; sourceTree = "<group>"; };
		3C1BD86C1BEB8DA9003E34F8 /* Colors.swift */ = {isa = PBXFileReference; fileEncoding = 4; lastKnownFileType = sourcecode.swift; path = Colors.swift; sourceTree = "<group>"; };
		3C1BD8751BEF85BD003E34F8 /* JavaScriptCore.framework */ = {isa = PBXFileReference; lastKnownFileType = wrapper.framework; name = JavaScriptCore.framework; path = System/Library/Frameworks/JavaScriptCore.framework; sourceTree = SDKROOT; };
		3C1BD87B1BEF87E2003E34F8 /* Bridging-Header.h */ = {isa = PBXFileReference; lastKnownFileType = sourcecode.c.h; path = "Bridging-Header.h"; sourceTree = "<group>"; };
		3C1BDF731BF0C02F003E34F8 /* libstdc++.tbd */ = {isa = PBXFileReference; lastKnownFileType = "sourcecode.text-based-dylib-definition"; name = "libstdc++.tbd"; path = "usr/lib/libstdc++.tbd"; sourceTree = SDKROOT; };
		3C1BDF801BF0C9E3003E34F8 /* libz.tbd */ = {isa = PBXFileReference; lastKnownFileType = "sourcecode.text-based-dylib-definition"; name = libz.tbd; path = usr/lib/libz.tbd; sourceTree = SDKROOT; };
		3C1BDF821BF0C9ED003E34F8 /* libicucore.tbd */ = {isa = PBXFileReference; lastKnownFileType = "sourcecode.text-based-dylib-definition"; name = libicucore.tbd; path = usr/lib/libicucore.tbd; sourceTree = SDKROOT; };
		3C1BDF861BF0CA60003E34F8 /* en */ = {isa = PBXFileReference; lastKnownFileType = text.plist.strings; name = en; path = en.lproj/SMS_SDKLocalizable.strings; sourceTree = "<group>"; };
		3C1BDF871BF0CA60003E34F8 /* MOBFoundation.framework */ = {isa = PBXFileReference; lastKnownFileType = wrapper.framework; path = MOBFoundation.framework; sourceTree = "<group>"; };
		3C1BDF881BF0CA60003E34F8 /* SMS_SDK.framework */ = {isa = PBXFileReference; lastKnownFileType = wrapper.framework; path = SMS_SDK.framework; sourceTree = "<group>"; };
		3C1BDF891BF0CA60003E34F8 /* zh-Hans */ = {isa = PBXFileReference; lastKnownFileType = text.plist.strings; name = "zh-Hans"; path = "zh-Hans.lproj/SMS_SDKLocalizable.strings"; sourceTree = "<group>"; };
		3C1BDF8E1BF0D090003E34F8 /* SMS.storyboard */ = {isa = PBXFileReference; fileEncoding = 4; lastKnownFileType = file.storyboard; path = SMS.storyboard; sourceTree = "<group>"; };
		3C1BDF901BF0D5C7003E34F8 /* SMSViewController.swift */ = {isa = PBXFileReference; fileEncoding = 4; lastKnownFileType = sourcecode.swift; path = SMSViewController.swift; sourceTree = "<group>"; };
		3C1BDF921BF235AA003E34F8 /* TemperatureViewController.swift */ = {isa = PBXFileReference; fileEncoding = 4; lastKnownFileType = sourcecode.swift; path = TemperatureViewController.swift; sourceTree = "<group>"; };
		3C1BDF931BF235AA003E34F8 /* TemperatureViewController.xib */ = {isa = PBXFileReference; fileEncoding = 4; lastKnownFileType = file.xib; path = TemperatureViewController.xib; sourceTree = "<group>"; };
		3C3947431BE9012300E7FE90 /* Images.xcassets */ = {isa = PBXFileReference; lastKnownFileType = folder.assetcatalog; path = Images.xcassets; sourceTree = "<group>"; };
		3C76DDF61BF63924004C1BF4 /* NavigationAccessoryView.swift */ = {isa = PBXFileReference; fileEncoding = 4; lastKnownFileType = sourcecode.swift; path = NavigationAccessoryView.swift; sourceTree = "<group>"; };
		3C80A5D11BCA5A9C0050B6B6 /* Cup.app */ = {isa = PBXFileReference; explicitFileType = wrapper.application; includeInIndex = 0; path = Cup.app; sourceTree = BUILT_PRODUCTS_DIR; };
		3C80A5D41BCA5A9C0050B6B6 /* AppDelegate.swift */ = {isa = PBXFileReference; lastKnownFileType = sourcecode.swift; path = AppDelegate.swift; sourceTree = "<group>"; };
		3C80A5D61BCA5A9C0050B6B6 /* CupViewController.swift */ = {isa = PBXFileReference; lastKnownFileType = sourcecode.swift; name = CupViewController.swift; path = ../../Cup/CupViewController.swift; sourceTree = "<group>"; };
		3C80A5E01BCA5A9D0050B6B6 /* Base */ = {isa = PBXFileReference; lastKnownFileType = file.storyboard; name = Base; path = Base.lproj/LaunchScreen.storyboard; sourceTree = "<group>"; };
		3C80A5E21BCA5A9D0050B6B6 /* Info.plist */ = {isa = PBXFileReference; lastKnownFileType = text.plist.xml; path = Info.plist; sourceTree = "<group>"; };
		3C80A5E71BCA5A9D0050B6B6 /* CupTests.xctest */ = {isa = PBXFileReference; explicitFileType = wrapper.cfbundle; includeInIndex = 0; path = CupTests.xctest; sourceTree = BUILT_PRODUCTS_DIR; };
		3C80A5EB1BCA5A9D0050B6B6 /* CupTests.swift */ = {isa = PBXFileReference; lastKnownFileType = sourcecode.swift; path = CupTests.swift; sourceTree = "<group>"; };
		3C80A5ED1BCA5A9D0050B6B6 /* Info.plist */ = {isa = PBXFileReference; lastKnownFileType = text.plist.xml; path = Info.plist; sourceTree = "<group>"; };
		3C9BFFAA1D7AA3F2007C0E89 /* ClockTableViewController.swift */ = {isa = PBXFileReference; fileEncoding = 4; lastKnownFileType = sourcecode.swift; path = ClockTableViewController.swift; sourceTree = "<group>"; };
		3C9BFFAC1D7AA69F007C0E89 /* ClockTableViewCell.swift */ = {isa = PBXFileReference; fileEncoding = 4; lastKnownFileType = sourcecode.swift; path = ClockTableViewCell.swift; sourceTree = "<group>"; };
		3C9BFFAD1D7AA69F007C0E89 /* ClockTableViewCell.xib */ = {isa = PBXFileReference; fileEncoding = 4; lastKnownFileType = file.xib; path = ClockTableViewCell.xib; sourceTree = "<group>"; };
		3C9BFFB01D7ABA56007C0E89 /* ClockHeaderView.swift */ = {isa = PBXFileReference; fileEncoding = 4; lastKnownFileType = sourcecode.swift; path = ClockHeaderView.swift; sourceTree = "<group>"; };
		3C9BFFB21D7ABA65007C0E89 /* ClockHeaderView.xib */ = {isa = PBXFileReference; fileEncoding = 4; lastKnownFileType = file.xib; path = ClockHeaderView.xib; sourceTree = "<group>"; };
		3C9BFFB41D7ADC39007C0E89 /* AddClockViewController.swift */ = {isa = PBXFileReference; fileEncoding = 4; lastKnownFileType = sourcecode.swift; path = AddClockViewController.swift; sourceTree = "<group>"; };
		3C9BFFB51D7ADC39007C0E89 /* AddClockViewController.xib */ = {isa = PBXFileReference; fileEncoding = 4; lastKnownFileType = file.xib; path = AddClockViewController.xib; sourceTree = "<group>"; };
		3C9BFFB81D7C0092007C0E89 /* AccoutBindViewController.xib */ = {isa = PBXFileReference; fileEncoding = 4; lastKnownFileType = file.xib; path = AccoutBindViewController.xib; sourceTree = "<group>"; };
		3C9BFFBA1D7C00A1007C0E89 /* AccoutBindViewController.swift */ = {isa = PBXFileReference; fileEncoding = 4; lastKnownFileType = sourcecode.swift; path = AccoutBindViewController.swift; sourceTree = "<group>"; };
		3C9BFFBC1D7C02BF007C0E89 /* PushSettingViewController.swift */ = {isa = PBXFileReference; fileEncoding = 4; lastKnownFileType = sourcecode.swift; path = PushSettingViewController.swift; sourceTree = "<group>"; };
		3C9BFFBD1D7C02BF007C0E89 /* PushSettingViewController.xib */ = {isa = PBXFileReference; fileEncoding = 4; lastKnownFileType = file.xib; path = PushSettingViewController.xib; sourceTree = "<group>"; };
		3CC57E021BE7BA490050E64E /* KSPickerView.swift */ = {isa = PBXFileReference; fileEncoding = 4; lastKnownFileType = sourcecode.swift; path = KSPickerView.swift; sourceTree = "<group>"; };
		3CCCA7121D5F57D100AFC6A1 /* WaterViewController.swift */ = {isa = PBXFileReference; fileEncoding = 4; lastKnownFileType = sourcecode.swift; path = WaterViewController.swift; sourceTree = "<group>"; };
		3CCCA7141D5F586900AFC6A1 /* ShareViewController.swift */ = {isa = PBXFileReference; fileEncoding = 4; lastKnownFileType = sourcecode.swift; path = ShareViewController.swift; sourceTree = "<group>"; };
		3CCCA7161D5F672800AFC6A1 /* ShareSheet.xib */ = {isa = PBXFileReference; fileEncoding = 4; lastKnownFileType = file.xib; path = ShareSheet.xib; sourceTree = "<group>"; };
		3CCCA7181D5F67F800AFC6A1 /* ShareSheet.swift */ = {isa = PBXFileReference; fileEncoding = 4; lastKnownFileType = sourcecode.swift; path = ShareSheet.swift; sourceTree = "<group>"; };
		3CCCA71A1D60080D00AFC6A1 /* WaterCycleView.swift */ = {isa = PBXFileReference; fileEncoding = 4; lastKnownFileType = sourcecode.swift; path = WaterCycleView.swift; sourceTree = "<group>"; };
		3CCF7EF21D635B77004B664F /* WaterHistoryViewController.swift */ = {isa = PBXFileReference; fileEncoding = 4; lastKnownFileType = sourcecode.swift; path = WaterHistoryViewController.swift; sourceTree = "<group>"; };
		3CDF8A721CEB02E500B2675B /* 1.gif */ = {isa = PBXFileReference; lastKnownFileType = image.gif; path = 1.gif; sourceTree = "<group>"; };
		3CDF8A731CEB02E500B2675B /* 2.gif */ = {isa = PBXFileReference; lastKnownFileType = image.gif; path = 2.gif; sourceTree = "<group>"; };
		3CDF8A741CEB02E500B2675B /* 3.gif */ = {isa = PBXFileReference; lastKnownFileType = image.gif; path = 3.gif; sourceTree = "<group>"; };
		3CDF8A751CEB02E500B2675B /* 4.gif */ = {isa = PBXFileReference; lastKnownFileType = image.gif; path = 4.gif; sourceTree = "<group>"; };
		3CDF8A761CEB02E500B2675B /* 5.gif */ = {isa = PBXFileReference; lastKnownFileType = image.gif; path = 5.gif; sourceTree = "<group>"; };
		3CDF8A771CEB02E500B2675B /* 6.gif */ = {isa = PBXFileReference; lastKnownFileType = image.gif; path = 6.gif; sourceTree = "<group>"; };
		3CDF8A781CEB02E500B2675B /* 7.gif */ = {isa = PBXFileReference; lastKnownFileType = image.gif; path = 7.gif; sourceTree = "<group>"; };
		3CDF8A791CEB02E500B2675B /* 8.gif */ = {isa = PBXFileReference; lastKnownFileType = image.gif; path = 8.gif; sourceTree = "<group>"; };
		3CECE67F1BF38A0400C43890 /* FirmwareViewController.swift */ = {isa = PBXFileReference; fileEncoding = 4; lastKnownFileType = sourcecode.swift; path = FirmwareViewController.swift; sourceTree = "<group>"; };
		3CECE6801BF38A0400C43890 /* FirmwareViewController.xib */ = {isa = PBXFileReference; fileEncoding = 4; lastKnownFileType = file.xib; path = FirmwareViewController.xib; sourceTree = "<group>"; };
		3CECE6831BF3996500C43890 /* AboutUsViewController.swift */ = {isa = PBXFileReference; fileEncoding = 4; lastKnownFileType = sourcecode.swift; path = AboutUsViewController.swift; sourceTree = "<group>"; };
		3CECE6841BF3996500C43890 /* AboutUsViewController.xib */ = {isa = PBXFileReference; fileEncoding = 4; lastKnownFileType = file.xib; path = AboutUsViewController.xib; sourceTree = "<group>"; };
		6013113010FD664CC0D5B2B1 /* Pods.framework */ = {isa = PBXFileReference; explicitFileType = wrapper.framework; includeInIndex = 0; path = Pods.framework; sourceTree = BUILT_PRODUCTS_DIR; };
		8DAB7EB3C40DD09838B02EB8 /* Pods-Cup.debug.xcconfig */ = {isa = PBXFileReference; includeInIndex = 1; lastKnownFileType = text.xcconfig; name = "Pods-Cup.debug.xcconfig"; path = "Pods/Target Support Files/Pods-Cup/Pods-Cup.debug.xcconfig"; sourceTree = "<group>"; };
		947BD9FD1529559B11147E88 /* Pods_Cup.framework */ = {isa = PBXFileReference; explicitFileType = wrapper.framework; includeInIndex = 0; path = Pods_Cup.framework; sourceTree = BUILT_PRODUCTS_DIR; };
		CB1B30081BF46EE50016D9FB /* MyPlayground.playground */ = {isa = PBXFileReference; lastKnownFileType = file.playground; path = MyPlayground.playground; sourceTree = "<group>"; };
		CB3CF8881BE9B04F008D577E /* UserLoginViewController.swift */ = {isa = PBXFileReference; fileEncoding = 4; lastKnownFileType = sourcecode.swift; path = UserLoginViewController.swift; sourceTree = "<group>"; };
		CB3CF88A1BE9B071008D577E /* UserRegistViewController.swift */ = {isa = PBXFileReference; fileEncoding = 4; lastKnownFileType = sourcecode.swift; path = UserRegistViewController.swift; sourceTree = "<group>"; };
		CB3CF88C1BE9B0AC008D577E /* Login.storyboard */ = {isa = PBXFileReference; fileEncoding = 4; lastKnownFileType = file.storyboard; path = Login.storyboard; sourceTree = "<group>"; };
		CB3CF8921BE9DD6E008D577E /* KSGuidanceViewController.swift */ = {isa = PBXFileReference; fileEncoding = 4; lastKnownFileType = sourcecode.swift; path = KSGuidanceViewController.swift; sourceTree = "<group>"; };
		CB3CF8931BE9DD6E008D577E /* KSGuidanceViewController.xib */ = {isa = PBXFileReference; fileEncoding = 4; lastKnownFileType = file.xib; path = KSGuidanceViewController.xib; sourceTree = "<group>"; };
		CB6EF3EF1BF09FDD0040BF6E /* IndicatorView.swift */ = {isa = PBXFileReference; fileEncoding = 4; lastKnownFileType = sourcecode.swift; path = IndicatorView.swift; sourceTree = "<group>"; };
		CB89F7B11BE70B2700FD21FD /* ClockCollectionViewCell.swift */ = {isa = PBXFileReference; fileEncoding = 4; lastKnownFileType = sourcecode.swift; path = ClockCollectionViewCell.swift; sourceTree = "<group>"; };
		CB89F7B21BE70B2700FD21FD /* ClockCollectionViewCell.xib */ = {isa = PBXFileReference; fileEncoding = 4; lastKnownFileType = file.xib; path = ClockCollectionViewCell.xib; sourceTree = "<group>"; };
		CB89F7B51BE7101200FD21FD /* ClockCollectionViewController.swift */ = {isa = PBXFileReference; fileEncoding = 4; lastKnownFileType = sourcecode.swift; path = ClockCollectionViewController.swift; sourceTree = "<group>"; };
		CB89F7B91BE710EE00FD21FD /* TabBarViewController.swift */ = {isa = PBXFileReference; fileEncoding = 4; lastKnownFileType = sourcecode.swift; path = TabBarViewController.swift; sourceTree = "<group>"; };
		CB89F7BF1BE7150A00FD21FD /* R.generated.swift */ = {isa = PBXFileReference; fileEncoding = 4; lastKnownFileType = sourcecode.swift; path = R.generated.swift; sourceTree = "<group>"; };
		CB89F7C31BE73CD300FD21FD /* CupProvider.swift */ = {isa = PBXFileReference; fileEncoding = 4; lastKnownFileType = sourcecode.swift; path = CupProvider.swift; sourceTree = "<group>"; };
		CBBCA3FD1BF18A30002E04F7 /* ClockCollectionHeaderView.swift */ = {isa = PBXFileReference; fileEncoding = 4; lastKnownFileType = sourcecode.swift; path = ClockCollectionHeaderView.swift; sourceTree = "<group>"; };
		CBBCA3FE1BF18A30002E04F7 /* ClockCollectionHeaderView.xib */ = {isa = PBXFileReference; fileEncoding = 4; lastKnownFileType = file.xib; path = ClockCollectionHeaderView.xib; sourceTree = "<group>"; };
		CBE1DC281BE9EE5B00E1FF29 /* Main.storyboard */ = {isa = PBXFileReference; fileEncoding = 4; lastKnownFileType = file.storyboard; path = Main.storyboard; sourceTree = "<group>"; };
		CBE1DC2A1BE9F06E00E1FF29 /* MineViewController.swift */ = {isa = PBXFileReference; fileEncoding = 4; lastKnownFileType = sourcecode.swift; path = MineViewController.swift; sourceTree = "<group>"; };
		CBE1DC2C1BE9F81C00E1FF29 /* AccountViewController.swift */ = {isa = PBXFileReference; fileEncoding = 4; lastKnownFileType = sourcecode.swift; path = AccountViewController.swift; sourceTree = "<group>"; };
		CBE1DC2E1BE9F92200E1FF29 /* AccountTableViewCell.swift */ = {isa = PBXFileReference; fileEncoding = 4; lastKnownFileType = sourcecode.swift; path = AccountTableViewCell.swift; sourceTree = "<group>"; };
		CBE1DC2F1BE9F92200E1FF29 /* AccountTableViewCell.xib */ = {isa = PBXFileReference; fileEncoding = 4; lastKnownFileType = file.xib; path = AccountTableViewCell.xib; sourceTree = "<group>"; };
		CBE1DC321BEA04ED00E1FF29 /* AccountModel.swift */ = {isa = PBXFileReference; fileEncoding = 4; lastKnownFileType = sourcecode.swift; path = AccountModel.swift; sourceTree = "<group>"; };
		CBE1DC381BEC81F900E1FF29 /* MineTableViewCell.swift */ = {isa = PBXFileReference; fileEncoding = 4; lastKnownFileType = sourcecode.swift; path = MineTableViewCell.swift; sourceTree = "<group>"; };
		CBE1DC391BEC81F900E1FF29 /* MineTableViewCell.xib */ = {isa = PBXFileReference; fileEncoding = 4; lastKnownFileType = file.xib; path = MineTableViewCell.xib; sourceTree = "<group>"; };
		CBE9E7C41BE88A1B00CE922B /* ClockModel.swift */ = {isa = PBXFileReference; fileEncoding = 4; lastKnownFileType = sourcecode.swift; path = ClockModel.swift; sourceTree = "<group>"; };
		CBF5E3681BF1DAE0002D4F8F /* CupHeaderView.swift */ = {isa = PBXFileReference; fileEncoding = 4; lastKnownFileType = sourcecode.swift; path = CupHeaderView.swift; sourceTree = "<group>"; };
		CBF5E36C1BF1ED3E002D4F8F /* TemperatureModel.swift */ = {isa = PBXFileReference; fileEncoding = 4; lastKnownFileType = sourcecode.swift; path = TemperatureModel.swift; sourceTree = "<group>"; };
		CBF5E36E1BF1F1CE002D4F8F /* TemperatureTableViewCell.swift */ = {isa = PBXFileReference; fileEncoding = 4; lastKnownFileType = sourcecode.swift; path = TemperatureTableViewCell.swift; sourceTree = "<group>"; };
		CBF5E36F1BF1F1CE002D4F8F /* TemperatureTableViewCell.xib */ = {isa = PBXFileReference; fileEncoding = 4; lastKnownFileType = file.xib; path = TemperatureTableViewCell.xib; sourceTree = "<group>"; };
		CBF5E3741BF1F6E3002D4F8F /* CupHeaderView.xib */ = {isa = PBXFileReference; fileEncoding = 4; lastKnownFileType = file.xib; path = CupHeaderView.xib; sourceTree = "<group>"; };
		D40117B08100BDB2BD8A2A51 /* Pods-Cup.release.xcconfig */ = {isa = PBXFileReference; includeInIndex = 1; lastKnownFileType = text.xcconfig; name = "Pods-Cup.release.xcconfig"; path = "Pods/Target Support Files/Pods-Cup/Pods-Cup.release.xcconfig"; sourceTree = "<group>"; };
/* End PBXFileReference section */

/* Begin PBXFrameworksBuildPhase section */
		3C80A5CE1BCA5A9C0050B6B6 /* Frameworks */ = {
			isa = PBXFrameworksBuildPhase;
			buildActionMask = 2147483647;
			files = (
				3C1BDF8D1BF0CA91003E34F8 /* libstdc++.tbd in Frameworks */,
				3C1BDF831BF0C9ED003E34F8 /* libicucore.tbd in Frameworks */,
				3C1BDF811BF0C9E3003E34F8 /* libz.tbd in Frameworks */,
				3C1BDF8B1BF0CA60003E34F8 /* MOBFoundation.framework in Frameworks */,
				3C1BDF8C1BF0CA60003E34F8 /* SMS_SDK.framework in Frameworks */,
				3C1BD8761BEF85BD003E34F8 /* JavaScriptCore.framework in Frameworks */,
				57AE249C091790BAA6E3D324 /* Pods_Cup.framework in Frameworks */,
			);
			runOnlyForDeploymentPostprocessing = 0;
		};
		3C80A5E41BCA5A9D0050B6B6 /* Frameworks */ = {
			isa = PBXFrameworksBuildPhase;
			buildActionMask = 2147483647;
			files = (
			);
			runOnlyForDeploymentPostprocessing = 0;
		};
/* End PBXFrameworksBuildPhase section */

/* Begin PBXGroup section */
		3C1BDF841BF0CA60003E34F8 /* SMS_SDK */ = {
			isa = PBXGroup;
			children = (
				3C1BDF851BF0CA60003E34F8 /* SMS_SDKLocalizable.strings */,
				3C1BDF871BF0CA60003E34F8 /* MOBFoundation.framework */,
				3C1BDF881BF0CA60003E34F8 /* SMS_SDK.framework */,
				3C1BDF8E1BF0D090003E34F8 /* SMS.storyboard */,
				3C1BDF901BF0D5C7003E34F8 /* SMSViewController.swift */,
			);
			path = SMS_SDK;
			sourceTree = "<group>";
		};
		3C335AB21CE738CC000171AF /* Resource */ = {
			isa = PBXGroup;
			children = (
				3CDF8A721CEB02E500B2675B /* 1.gif */,
				3CDF8A731CEB02E500B2675B /* 2.gif */,
				3CDF8A741CEB02E500B2675B /* 3.gif */,
				3CDF8A751CEB02E500B2675B /* 4.gif */,
				3CDF8A761CEB02E500B2675B /* 5.gif */,
				3CDF8A771CEB02E500B2675B /* 6.gif */,
				3CDF8A781CEB02E500B2675B /* 7.gif */,
				3CDF8A791CEB02E500B2675B /* 8.gif */,
			);
			path = Resource;
			sourceTree = "<group>";
		};
		3C80A5C81BCA5A9C0050B6B6 = {
			isa = PBXGroup;
			children = (
				CB1B30081BF46EE50016D9FB /* MyPlayground.playground */,
				CB89F7A71BE707BF00FD21FD /* Source */,
				3C335AB21CE738CC000171AF /* Resource */,
				3C80A5D31BCA5A9C0050B6B6 /* Cup */,
				3C80A5EA1BCA5A9D0050B6B6 /* CupTests */,
				3C80A5D21BCA5A9C0050B6B6 /* Products */,
				DA07D51378BE1308DC23C162 /* Frameworks */,
				8C257F83C8BA78DADEE5FC8D /* Pods */,
			);
			sourceTree = "<group>";
		};
		3C80A5D21BCA5A9C0050B6B6 /* Products */ = {
			isa = PBXGroup;
			children = (
				3C80A5D11BCA5A9C0050B6B6 /* Cup.app */,
				3C80A5E71BCA5A9D0050B6B6 /* CupTests.xctest */,
			);
			name = Products;
			sourceTree = "<group>";
		};
		3C80A5D31BCA5A9C0050B6B6 /* Cup */ = {
			isa = PBXGroup;
			children = (
				3C1BDF841BF0CA60003E34F8 /* SMS_SDK */,
				3C80A5D41BCA5A9C0050B6B6 /* AppDelegate.swift */,
				3C80A5DF1BCA5A9D0050B6B6 /* LaunchScreen.storyboard */,
				3C80A5E21BCA5A9D0050B6B6 /* Info.plist */,
				3C3947431BE9012300E7FE90 /* Images.xcassets */,
				3C1BD87B1BEF87E2003E34F8 /* Bridging-Header.h */,
			);
			path = Cup;
			sourceTree = "<group>";
		};
		3C80A5EA1BCA5A9D0050B6B6 /* CupTests */ = {
			isa = PBXGroup;
			children = (
				3C80A5EB1BCA5A9D0050B6B6 /* CupTests.swift */,
				3C80A5ED1BCA5A9D0050B6B6 /* Info.plist */,
			);
			path = CupTests;
			sourceTree = "<group>";
		};
		3C9BFFA61D7AA338007C0E89 /* Clock */ = {
			isa = PBXGroup;
			children = (
				CB89F7B51BE7101200FD21FD /* ClockCollectionViewController.swift */,
				3C9BFFAA1D7AA3F2007C0E89 /* ClockTableViewController.swift */,
				3C9BFFB41D7ADC39007C0E89 /* AddClockViewController.swift */,
				3C9BFFB51D7ADC39007C0E89 /* AddClockViewController.xib */,
			);
			name = Clock;
			sourceTree = "<group>";
		};
		3C9BFFA71D7AA36A007C0E89 /* Water */ = {
			isa = PBXGroup;
			children = (
				3CCCA7121D5F57D100AFC6A1 /* WaterViewController.swift */,
				3CCF7EF21D635B77004B664F /* WaterHistoryViewController.swift */,
			);
			name = Water;
			sourceTree = "<group>";
		};
		3C9BFFA81D7AA37A007C0E89 /* Mine */ = {
			isa = PBXGroup;
			children = (
				CBE1DC2A1BE9F06E00E1FF29 /* MineViewController.swift */,
				3C9BFFBA1D7C00A1007C0E89 /* AccoutBindViewController.swift */,
				3C9BFFB81D7C0092007C0E89 /* AccoutBindViewController.xib */,
				3C9BFFBC1D7C02BF007C0E89 /* PushSettingViewController.swift */,
				3C9BFFBD1D7C02BF007C0E89 /* PushSettingViewController.xib */,
				CBE1DC2C1BE9F81C00E1FF29 /* AccountViewController.swift */,
				3CECE67F1BF38A0400C43890 /* FirmwareViewController.swift */,
				3CECE6801BF38A0400C43890 /* FirmwareViewController.xib */,
				3CECE6831BF3996500C43890 /* AboutUsViewController.swift */,
				3CECE6841BF3996500C43890 /* AboutUsViewController.xib */,
			);
			name = Mine;
			sourceTree = "<group>";
		};
		3C9BFFA91D7AA3B3007C0E89 /* Temperature */ = {
			isa = PBXGroup;
			children = (
				3C80A5D61BCA5A9C0050B6B6 /* CupViewController.swift */,
				3C1BDF921BF235AA003E34F8 /* TemperatureViewController.swift */,
				3C1BDF931BF235AA003E34F8 /* TemperatureViewController.xib */,
			);
			name = Temperature;
			sourceTree = "<group>";
		};
		8C257F83C8BA78DADEE5FC8D /* Pods */ = {
			isa = PBXGroup;
			children = (
				8DAB7EB3C40DD09838B02EB8 /* Pods-Cup.debug.xcconfig */,
				D40117B08100BDB2BD8A2A51 /* Pods-Cup.release.xcconfig */,
			);
			name = Pods;
			sourceTree = "<group>";
		};
		CB89F7A71BE707BF00FD21FD /* Source */ = {
			isa = PBXGroup;
			children = (
				CB89F7A81BE707BF00FD21FD /* Config */,
				CB89F7A91BE707BF00FD21FD /* Model */,
				CB89F7AA1BE707BF00FD21FD /* Utils */,
				CB89F7AB1BE707BF00FD21FD /* View */,
				CB89F7AD1BE707BF00FD21FD /* ViewControll */,
				CB89F7AE1BE707BF00FD21FD /* ViewModel */,
			);
			path = Source;
			sourceTree = "<group>";
		};
		CB89F7A81BE707BF00FD21FD /* Config */ = {
			isa = PBXGroup;
			children = (
				3C1BD86C1BEB8DA9003E34F8 /* Colors.swift */,
				CB89F7BF1BE7150A00FD21FD /* R.generated.swift */,
				CB89F7C31BE73CD300FD21FD /* CupProvider.swift */,
			);
			path = Config;
			sourceTree = "<group>";
		};
		CB89F7A91BE707BF00FD21FD /* Model */ = {
			isa = PBXGroup;
			children = (
				CBE9E7C41BE88A1B00CE922B /* ClockModel.swift */,
				CBE1DC321BEA04ED00E1FF29 /* AccountModel.swift */,
				CBF5E36C1BF1ED3E002D4F8F /* TemperatureModel.swift */,
			);
			path = Model;
			sourceTree = "<group>";
		};
		CB89F7AA1BE707BF00FD21FD /* Utils */ = {
			isa = PBXGroup;
			children = (
			);
			path = Utils;
			sourceTree = "<group>";
		};
		CB89F7AB1BE707BF00FD21FD /* View */ = {
			isa = PBXGroup;
			children = (
				3CCCA7181D5F67F800AFC6A1 /* ShareSheet.swift */,
				3CCCA7161D5F672800AFC6A1 /* ShareSheet.xib */,
				3C76DDF61BF63924004C1BF4 /* NavigationAccessoryView.swift */,
				3CC57E021BE7BA490050E64E /* KSPickerView.swift */,
				CB6EF3EF1BF09FDD0040BF6E /* IndicatorView.swift */,
				CB89F7AC1BE707BF00FD21FD /* ViewCell */,
				CBBCA3FD1BF18A30002E04F7 /* ClockCollectionHeaderView.swift */,
				CBBCA3FE1BF18A30002E04F7 /* ClockCollectionHeaderView.xib */,
				CBF5E3681BF1DAE0002D4F8F /* CupHeaderView.swift */,
				CBF5E3741BF1F6E3002D4F8F /* CupHeaderView.xib */,
				3CCCA71A1D60080D00AFC6A1 /* WaterCycleView.swift */,
				3C9BFFB01D7ABA56007C0E89 /* ClockHeaderView.swift */,
				3C9BFFB21D7ABA65007C0E89 /* ClockHeaderView.xib */,
			);
			path = View;
			sourceTree = "<group>";
		};
		CB89F7AC1BE707BF00FD21FD /* ViewCell */ = {
			isa = PBXGroup;
			children = (
				CB89F7B11BE70B2700FD21FD /* ClockCollectionViewCell.swift */,
				CB89F7B21BE70B2700FD21FD /* ClockCollectionViewCell.xib */,
				CBE1DC2E1BE9F92200E1FF29 /* AccountTableViewCell.swift */,
				CBE1DC2F1BE9F92200E1FF29 /* AccountTableViewCell.xib */,
				CBE1DC381BEC81F900E1FF29 /* MineTableViewCell.swift */,
				CBE1DC391BEC81F900E1FF29 /* MineTableViewCell.xib */,
				CBF5E36E1BF1F1CE002D4F8F /* TemperatureTableViewCell.swift */,
				CBF5E36F1BF1F1CE002D4F8F /* TemperatureTableViewCell.xib */,
				3C9BFFAC1D7AA69F007C0E89 /* ClockTableViewCell.swift */,
				3C9BFFAD1D7AA69F007C0E89 /* ClockTableViewCell.xib */,
			);
			path = ViewCell;
			sourceTree = "<group>";
		};
		CB89F7AD1BE707BF00FD21FD /* ViewControll */ = {
			isa = PBXGroup;
			children = (
				3C9BFFA91D7AA3B3007C0E89 /* Temperature */,
				3C9BFFA81D7AA37A007C0E89 /* Mine */,
				3C9BFFA71D7AA36A007C0E89 /* Water */,
				3C9BFFA61D7AA338007C0E89 /* Clock */,
				3CCCA7141D5F586900AFC6A1 /* ShareViewController.swift */,
				CB3CF8921BE9DD6E008D577E /* KSGuidanceViewController.swift */,
				CB3CF8931BE9DD6E008D577E /* KSGuidanceViewController.xib */,
				CB3CF8881BE9B04F008D577E /* UserLoginViewController.swift */,
				CB3CF88A1BE9B071008D577E /* UserRegistViewController.swift */,
				CB3CF88C1BE9B0AC008D577E /* Login.storyboard */,
				3C1BD8661BEB8B47003E34F8 /* CentralViewController.swift */,
				CB89F7B91BE710EE00FD21FD /* TabBarViewController.swift */,
				CBE1DC281BE9EE5B00E1FF29 /* Main.storyboard */,
			);
			path = ViewControll;
			sourceTree = "<group>";
		};
		CB89F7AE1BE707BF00FD21FD /* ViewModel */ = {
			isa = PBXGroup;
			children = (
			);
			path = ViewModel;
			sourceTree = "<group>";
		};
		DA07D51378BE1308DC23C162 /* Frameworks */ = {
			isa = PBXGroup;
			children = (
				3C1BDF821BF0C9ED003E34F8 /* libicucore.tbd */,
				3C1BDF801BF0C9E3003E34F8 /* libz.tbd */,
				3C1BDF731BF0C02F003E34F8 /* libstdc++.tbd */,
				3C1BD8751BEF85BD003E34F8 /* JavaScriptCore.framework */,
				6013113010FD664CC0D5B2B1 /* Pods.framework */,
				947BD9FD1529559B11147E88 /* Pods_Cup.framework */,
			);
			name = Frameworks;
			sourceTree = "<group>";
		};
/* End PBXGroup section */

/* Begin PBXNativeTarget section */
		3C80A5D01BCA5A9C0050B6B6 /* Cup */ = {
			isa = PBXNativeTarget;
			buildConfigurationList = 3C80A5F01BCA5A9D0050B6B6 /* Build configuration list for PBXNativeTarget "Cup" */;
			buildPhases = (
				859D1AB32C05924A3A94DB8B /* [CP] Check Pods Manifest.lock */,
				CB89F7BD1BE7123500FD21FD /* Run Script */,
				3C80A5CD1BCA5A9C0050B6B6 /* Sources */,
				3C80A5CE1BCA5A9C0050B6B6 /* Frameworks */,
				3C80A5CF1BCA5A9C0050B6B6 /* Resources */,
				A7E13F0041FC3D8507251CB3 /* [CP] Embed Pods Frameworks */,
				0D914A3188784F9055561D92 /* [CP] Copy Pods Resources */,
			);
			buildRules = (
			);
			dependencies = (
			);
			name = Cup;
			productName = Cup;
			productReference = 3C80A5D11BCA5A9C0050B6B6 /* Cup.app */;
			productType = "com.apple.product-type.application";
		};
		3C80A5E61BCA5A9D0050B6B6 /* CupTests */ = {
			isa = PBXNativeTarget;
			buildConfigurationList = 3C80A5F31BCA5A9D0050B6B6 /* Build configuration list for PBXNativeTarget "CupTests" */;
			buildPhases = (
				3C80A5E31BCA5A9D0050B6B6 /* Sources */,
				3C80A5E41BCA5A9D0050B6B6 /* Frameworks */,
				3C80A5E51BCA5A9D0050B6B6 /* Resources */,
			);
			buildRules = (
			);
			dependencies = (
				3C80A5E91BCA5A9D0050B6B6 /* PBXTargetDependency */,
			);
			name = CupTests;
			productName = CupTests;
			productReference = 3C80A5E71BCA5A9D0050B6B6 /* CupTests.xctest */;
			productType = "com.apple.product-type.bundle.unit-test";
		};
/* End PBXNativeTarget section */

/* Begin PBXProject section */
		3C80A5C91BCA5A9C0050B6B6 /* Project object */ = {
			isa = PBXProject;
			attributes = {
				LastUpgradeCheck = 0700;
				ORGANIZATIONNAME = king;
				TargetAttributes = {
					3C80A5D01BCA5A9C0050B6B6 = {
						CreatedOnToolsVersion = 7.0;
						DevelopmentTeam = T63J6SF7QS;
						SystemCapabilities = {
							com.apple.BackgroundModes = {
								enabled = 1;
							};
						};
					};
					3C80A5E61BCA5A9D0050B6B6 = {
						CreatedOnToolsVersion = 7.0;
						TestTargetID = 3C80A5D01BCA5A9C0050B6B6;
					};
				};
			};
			buildConfigurationList = 3C80A5CC1BCA5A9C0050B6B6 /* Build configuration list for PBXProject "Cup" */;
			compatibilityVersion = "Xcode 3.2";
			developmentRegion = English;
			hasScannedForEncodings = 0;
			knownRegions = (
				en,
				Base,
				"zh-Hans",
			);
			mainGroup = 3C80A5C81BCA5A9C0050B6B6;
			productRefGroup = 3C80A5D21BCA5A9C0050B6B6 /* Products */;
			projectDirPath = "";
			projectRoot = "";
			targets = (
				3C80A5D01BCA5A9C0050B6B6 /* Cup */,
				3C80A5E61BCA5A9D0050B6B6 /* CupTests */,
			);
		};
/* End PBXProject section */

/* Begin PBXResourcesBuildPhase section */
		3C80A5CF1BCA5A9C0050B6B6 /* Resources */ = {
			isa = PBXResourcesBuildPhase;
			buildActionMask = 2147483647;
			files = (
				3CDF8A811CEB02E500B2675B /* 8.gif in Resources */,
				3CDF8A801CEB02E500B2675B /* 7.gif in Resources */,
				3CDF8A7E1CEB02E500B2675B /* 5.gif in Resources */,
				3C80A5E11BCA5A9D0050B6B6 /* LaunchScreen.storyboard in Resources */,
				3C1BDF951BF235AA003E34F8 /* TemperatureViewController.xib in Resources */,
				CBF5E3711BF1F1CE002D4F8F /* TemperatureTableViewCell.xib in Resources */,
				3C9BFFB91D7C0092007C0E89 /* AccoutBindViewController.xib in Resources */,
				3CDF8A7A1CEB02E500B2675B /* 1.gif in Resources */,
				CB3CF8951BE9DD6E008D577E /* KSGuidanceViewController.xib in Resources */,
				3CECE6821BF38A0400C43890 /* FirmwareViewController.xib in Resources */,
				CB3CF88D1BE9B0AC008D577E /* Login.storyboard in Resources */,
				3C9BFFB31D7ABA65007C0E89 /* ClockHeaderView.xib in Resources */,
				3C9BFFAF1D7AA69F007C0E89 /* ClockTableViewCell.xib in Resources */,
				3CCCA7171D5F672800AFC6A1 /* ShareSheet.xib in Resources */,
				3C1BDF8F1BF0D090003E34F8 /* SMS.storyboard in Resources */,
				3CDF8A7F1CEB02E500B2675B /* 6.gif in Resources */,
				CBE1DC3B1BEC81F900E1FF29 /* MineTableViewCell.xib in Resources */,
				3CDF8A7D1CEB02E500B2675B /* 4.gif in Resources */,
				3C3947441BE9012300E7FE90 /* Images.xcassets in Resources */,
				3C9BFFBF1D7C02BF007C0E89 /* PushSettingViewController.xib in Resources */,
				3C1BDF8A1BF0CA60003E34F8 /* SMS_SDKLocalizable.strings in Resources */,
				3C9BFFB71D7ADC39007C0E89 /* AddClockViewController.xib in Resources */,
				CBBCA4001BF18A30002E04F7 /* ClockCollectionHeaderView.xib in Resources */,
				3CECE6861BF3996500C43890 /* AboutUsViewController.xib in Resources */,
				3CDF8A7B1CEB02E500B2675B /* 2.gif in Resources */,
				CBE1DC291BE9EE5B00E1FF29 /* Main.storyboard in Resources */,
				CBF5E3751BF1F6E3002D4F8F /* CupHeaderView.xib in Resources */,
				3CDF8A7C1CEB02E500B2675B /* 3.gif in Resources */,
				CBE1DC311BE9F92200E1FF29 /* AccountTableViewCell.xib in Resources */,
				CB89F7B41BE70B2700FD21FD /* ClockCollectionViewCell.xib in Resources */,
			);
			runOnlyForDeploymentPostprocessing = 0;
		};
		3C80A5E51BCA5A9D0050B6B6 /* Resources */ = {
			isa = PBXResourcesBuildPhase;
			buildActionMask = 2147483647;
			files = (
			);
			runOnlyForDeploymentPostprocessing = 0;
		};
/* End PBXResourcesBuildPhase section */

/* Begin PBXShellScriptBuildPhase section */
		0D914A3188784F9055561D92 /* [CP] Copy Pods Resources */ = {
			isa = PBXShellScriptBuildPhase;
			buildActionMask = 2147483647;
			files = (
			);
			inputPaths = (
			);
			name = "[CP] Copy Pods Resources";
			outputPaths = (
			);
			runOnlyForDeploymentPostprocessing = 0;
			shellPath = /bin/sh;
			shellScript = "\"${SRCROOT}/Pods/Target Support Files/Pods-Cup/Pods-Cup-resources.sh\"\n";
			showEnvVarsInLog = 0;
		};
		859D1AB32C05924A3A94DB8B /* [CP] Check Pods Manifest.lock */ = {
			isa = PBXShellScriptBuildPhase;
			buildActionMask = 2147483647;
			files = (
			);
			inputPaths = (
			);
			name = "[CP] Check Pods Manifest.lock";
			outputPaths = (
			);
			runOnlyForDeploymentPostprocessing = 0;
			shellPath = /bin/sh;
			shellScript = "diff \"${PODS_ROOT}/../Podfile.lock\" \"${PODS_ROOT}/Manifest.lock\" > /dev/null\nif [[ $? != 0 ]] ; then\n    cat << EOM\nerror: The sandbox is not in sync with the Podfile.lock. Run 'pod install' or update your CocoaPods installation.\nEOM\n    exit 1\nfi\n";
			showEnvVarsInLog = 0;
		};
		A7E13F0041FC3D8507251CB3 /* [CP] Embed Pods Frameworks */ = {
			isa = PBXShellScriptBuildPhase;
			buildActionMask = 2147483647;
			files = (
			);
			inputPaths = (
			);
			name = "[CP] Embed Pods Frameworks";
			outputPaths = (
			);
			runOnlyForDeploymentPostprocessing = 0;
			shellPath = /bin/sh;
			shellScript = "\"${SRCROOT}/Pods/Target Support Files/Pods-Cup/Pods-Cup-frameworks.sh\"\n";
			showEnvVarsInLog = 0;
		};
		CB89F7BD1BE7123500FD21FD /* Run Script */ = {
			isa = PBXShellScriptBuildPhase;
			buildActionMask = 2147483647;
			files = (
			);
			inputPaths = (
			);
			name = "Run Script";
			outputPaths = (
			);
			runOnlyForDeploymentPostprocessing = 0;
			shellPath = /bin/sh;
			shellScript = "\"$PODS_ROOT/R.swift/rswift\" \"./Source/Config\"";
		};
/* End PBXShellScriptBuildPhase section */

/* Begin PBXSourcesBuildPhase section */
		3C80A5CD1BCA5A9C0050B6B6 /* Sources */ = {
			isa = PBXSourcesBuildPhase;
			buildActionMask = 2147483647;
			files = (
				3CCF7EF31D635B77004B664F /* WaterHistoryViewController.swift in Sources */,
				3CCCA7151D5F586900AFC6A1 /* ShareViewController.swift in Sources */,
				CB6EF3F01BF09FDD0040BF6E /* IndicatorView.swift in Sources */,
				CBBCA3FF1BF18A30002E04F7 /* ClockCollectionHeaderView.swift in Sources */,
				3CECE6851BF3996500C43890 /* AboutUsViewController.swift in Sources */,
				CBE1DC331BEA04ED00E1FF29 /* AccountModel.swift in Sources */,
				3C9BFFAB1D7AA3F2007C0E89 /* ClockTableViewController.swift in Sources */,
				CB3CF8891BE9B04F008D577E /* UserLoginViewController.swift in Sources */,
				CBE1DC2D1BE9F81C00E1FF29 /* AccountViewController.swift in Sources */,
				CBE1DC3A1BEC81F900E1FF29 /* MineTableViewCell.swift in Sources */,
				3CCCA71B1D60080D00AFC6A1 /* WaterCycleView.swift in Sources */,
				3C9BFFB61D7ADC39007C0E89 /* AddClockViewController.swift in Sources */,
				3C9BFFB11D7ABA56007C0E89 /* ClockHeaderView.swift in Sources */,
				CBE1DC301BE9F92200E1FF29 /* AccountTableViewCell.swift in Sources */,
				3CCCA7191D5F67F800AFC6A1 /* ShareSheet.swift in Sources */,
				3C9BFFBE1D7C02BF007C0E89 /* PushSettingViewController.swift in Sources */,
				3C80A5D51BCA5A9C0050B6B6 /* AppDelegate.swift in Sources */,
				CBF5E3701BF1F1CE002D4F8F /* TemperatureTableViewCell.swift in Sources */,
				CBF5E36D1BF1ED3E002D4F8F /* TemperatureModel.swift in Sources */,
				3C9BFFBB1D7C00A1007C0E89 /* AccoutBindViewController.swift in Sources */,
				CBE9E7C51BE88A1B00CE922B /* ClockModel.swift in Sources */,
				CB3CF8941BE9DD6E008D577E /* KSGuidanceViewController.swift in Sources */,
				3CECE6811BF38A0400C43890 /* FirmwareViewController.swift in Sources */,
				CB89F7B71BE7101200FD21FD /* ClockCollectionViewController.swift in Sources */,
				CB3CF88B1BE9B071008D577E /* UserRegistViewController.swift in Sources */,
				3C80A5D71BCA5A9C0050B6B6 /* CupViewController.swift in Sources */,
				3C76DDF71BF63924004C1BF4 /* NavigationAccessoryView.swift in Sources */,
				CB89F7BB1BE710EE00FD21FD /* TabBarViewController.swift in Sources */,
				3CCCA7131D5F57D100AFC6A1 /* WaterViewController.swift in Sources */,
				3CC57E031BE7BA490050E64E /* KSPickerView.swift in Sources */,
				CB89F7C41BE73CD300FD21FD /* CupProvider.swift in Sources */,
				CB89F7B31BE70B2700FD21FD /* ClockCollectionViewCell.swift in Sources */,
				3C1BD86D1BEB8DA9003E34F8 /* Colors.swift in Sources */,
				CBF5E3691BF1DAE0002D4F8F /* CupHeaderView.swift in Sources */,
				3C9BFFAE1D7AA69F007C0E89 /* ClockTableViewCell.swift in Sources */,
				3C1BDF911BF0D5C7003E34F8 /* SMSViewController.swift in Sources */,
				CB89F7C01BE7150A00FD21FD /* R.generated.swift in Sources */,
				3C1BD8671BEB8B47003E34F8 /* CentralViewController.swift in Sources */,
				CBE1DC2B1BE9F06E00E1FF29 /* MineViewController.swift in Sources */,
				3C1BDF941BF235AA003E34F8 /* TemperatureViewController.swift in Sources */,
			);
			runOnlyForDeploymentPostprocessing = 0;
		};
		3C80A5E31BCA5A9D0050B6B6 /* Sources */ = {
			isa = PBXSourcesBuildPhase;
			buildActionMask = 2147483647;
			files = (
				3C80A5EC1BCA5A9D0050B6B6 /* CupTests.swift in Sources */,
			);
			runOnlyForDeploymentPostprocessing = 0;
		};
/* End PBXSourcesBuildPhase section */

/* Begin PBXTargetDependency section */
		3C80A5E91BCA5A9D0050B6B6 /* PBXTargetDependency */ = {
			isa = PBXTargetDependency;
			target = 3C80A5D01BCA5A9C0050B6B6 /* Cup */;
			targetProxy = 3C80A5E81BCA5A9D0050B6B6 /* PBXContainerItemProxy */;
		};
/* End PBXTargetDependency section */

/* Begin PBXVariantGroup section */
		3C1BDF851BF0CA60003E34F8 /* SMS_SDKLocalizable.strings */ = {
			isa = PBXVariantGroup;
			children = (
				3C1BDF861BF0CA60003E34F8 /* en */,
				3C1BDF891BF0CA60003E34F8 /* zh-Hans */,
			);
			name = SMS_SDKLocalizable.strings;
			sourceTree = "<group>";
		};
		3C80A5DF1BCA5A9D0050B6B6 /* LaunchScreen.storyboard */ = {
			isa = PBXVariantGroup;
			children = (
				3C80A5E01BCA5A9D0050B6B6 /* Base */,
			);
			name = LaunchScreen.storyboard;
			sourceTree = "<group>";
		};
/* End PBXVariantGroup section */

/* Begin XCBuildConfiguration section */
		3C80A5EE1BCA5A9D0050B6B6 /* Debug */ = {
			isa = XCBuildConfiguration;
			buildSettings = {
				ALWAYS_SEARCH_USER_PATHS = NO;
				CLANG_CXX_LANGUAGE_STANDARD = "gnu++0x";
				CLANG_CXX_LIBRARY = "libc++";
				CLANG_ENABLE_MODULES = YES;
				CLANG_ENABLE_OBJC_ARC = YES;
				CLANG_WARN_BOOL_CONVERSION = YES;
				CLANG_WARN_CONSTANT_CONVERSION = YES;
				CLANG_WARN_DIRECT_OBJC_ISA_USAGE = YES_ERROR;
				CLANG_WARN_EMPTY_BODY = YES;
				CLANG_WARN_ENUM_CONVERSION = YES;
				CLANG_WARN_INT_CONVERSION = YES;
				CLANG_WARN_OBJC_ROOT_CLASS = YES_ERROR;
				CLANG_WARN_UNREACHABLE_CODE = YES;
				CLANG_WARN__DUPLICATE_METHOD_MATCH = YES;
				"CODE_SIGN_IDENTITY[sdk=iphoneos*]" = "iPhone Developer";
				COPY_PHASE_STRIP = NO;
				DEBUG_INFORMATION_FORMAT = dwarf;
				ENABLE_STRICT_OBJC_MSGSEND = YES;
				ENABLE_TESTABILITY = YES;
				GCC_C_LANGUAGE_STANDARD = gnu99;
				GCC_DYNAMIC_NO_PIC = NO;
				GCC_NO_COMMON_BLOCKS = YES;
				GCC_OPTIMIZATION_LEVEL = 0;
				GCC_PREPROCESSOR_DEFINITIONS = (
					"DEBUG=1",
					"$(inherited)",
				);
				GCC_WARN_64_TO_32_BIT_CONVERSION = YES;
				GCC_WARN_ABOUT_RETURN_TYPE = YES_ERROR;
				GCC_WARN_UNDECLARED_SELECTOR = YES;
				GCC_WARN_UNINITIALIZED_AUTOS = YES_AGGRESSIVE;
				GCC_WARN_UNUSED_FUNCTION = YES;
				GCC_WARN_UNUSED_VARIABLE = YES;
				IPHONEOS_DEPLOYMENT_TARGET = 8.0;
				MTL_ENABLE_DEBUG_INFO = YES;
				ONLY_ACTIVE_ARCH = YES;
				SDKROOT = iphoneos;
				SWIFT_OPTIMIZATION_LEVEL = "-Onone";
			};
			name = Debug;
		};
		3C80A5EF1BCA5A9D0050B6B6 /* Release */ = {
			isa = XCBuildConfiguration;
			buildSettings = {
				ALWAYS_SEARCH_USER_PATHS = NO;
				CLANG_CXX_LANGUAGE_STANDARD = "gnu++0x";
				CLANG_CXX_LIBRARY = "libc++";
				CLANG_ENABLE_MODULES = YES;
				CLANG_ENABLE_OBJC_ARC = YES;
				CLANG_WARN_BOOL_CONVERSION = YES;
				CLANG_WARN_CONSTANT_CONVERSION = YES;
				CLANG_WARN_DIRECT_OBJC_ISA_USAGE = YES_ERROR;
				CLANG_WARN_EMPTY_BODY = YES;
				CLANG_WARN_ENUM_CONVERSION = YES;
				CLANG_WARN_INT_CONVERSION = YES;
				CLANG_WARN_OBJC_ROOT_CLASS = YES_ERROR;
				CLANG_WARN_UNREACHABLE_CODE = YES;
				CLANG_WARN__DUPLICATE_METHOD_MATCH = YES;
				"CODE_SIGN_IDENTITY[sdk=iphoneos*]" = "iPhone Developer";
				COPY_PHASE_STRIP = NO;
				DEBUG_INFORMATION_FORMAT = "dwarf-with-dsym";
				ENABLE_NS_ASSERTIONS = NO;
				ENABLE_STRICT_OBJC_MSGSEND = YES;
				GCC_C_LANGUAGE_STANDARD = gnu99;
				GCC_NO_COMMON_BLOCKS = YES;
				GCC_WARN_64_TO_32_BIT_CONVERSION = YES;
				GCC_WARN_ABOUT_RETURN_TYPE = YES_ERROR;
				GCC_WARN_UNDECLARED_SELECTOR = YES;
				GCC_WARN_UNINITIALIZED_AUTOS = YES_AGGRESSIVE;
				GCC_WARN_UNUSED_FUNCTION = YES;
				GCC_WARN_UNUSED_VARIABLE = YES;
				IPHONEOS_DEPLOYMENT_TARGET = 8.0;
				MTL_ENABLE_DEBUG_INFO = NO;
				SDKROOT = iphoneos;
				VALIDATE_PRODUCT = YES;
			};
			name = Release;
		};
		3C80A5F11BCA5A9D0050B6B6 /* Debug */ = {
			isa = XCBuildConfiguration;
			baseConfigurationReference = 8DAB7EB3C40DD09838B02EB8 /* Pods-Cup.debug.xcconfig */;
			buildSettings = {
				ASSETCATALOG_COMPILER_APPICON_NAME = AppIcon;
				CODE_SIGN_IDENTITY = "iPhone Developer";
				"CODE_SIGN_IDENTITY[sdk=iphoneos*]" = "iPhone Developer";
				ENABLE_BITCODE = NO;
				FRAMEWORK_SEARCH_PATHS = (
					"$(inherited)",
					"$(PROJECT_DIR)/Cup/SMS",
					"$(PROJECT_DIR)/Cup/SMS_SDK",
				);
				INFOPLIST_FILE = Cup/Info.plist;
				LD_RUNPATH_SEARCH_PATHS = "$(inherited) @executable_path/Frameworks";
				PRODUCT_BUNDLE_IDENTIFIER = im.meiyou.IMYTTQ;
				PRODUCT_NAME = "$(TARGET_NAME)";
				PROVISIONING_PROFILE = "";
				SWIFT_OBJC_BRIDGING_HEADER = "Cup/Bridging-Header.h";
			};
			name = Debug;
		};
		3C80A5F21BCA5A9D0050B6B6 /* Release */ = {
			isa = XCBuildConfiguration;
			baseConfigurationReference = D40117B08100BDB2BD8A2A51 /* Pods-Cup.release.xcconfig */;
			buildSettings = {
				ASSETCATALOG_COMPILER_APPICON_NAME = AppIcon;
				CODE_SIGN_IDENTITY = "iPhone Developer";
				"CODE_SIGN_IDENTITY[sdk=iphoneos*]" = "iPhone Distribution";
				ENABLE_BITCODE = NO;
				FRAMEWORK_SEARCH_PATHS = (
					"$(inherited)",
					"$(PROJECT_DIR)/Cup/SMS",
					"$(PROJECT_DIR)/Cup/SMS_SDK",
				);
				INFOPLIST_FILE = Cup/Info.plist;
				LD_RUNPATH_SEARCH_PATHS = "$(inherited) @executable_path/Frameworks";
				PRODUCT_BUNDLE_IDENTIFIER = im.meiyou.IMYTTQ;
				PRODUCT_NAME = "$(TARGET_NAME)";
				PROVISIONING_PROFILE = "";
				SWIFT_OBJC_BRIDGING_HEADER = "Cup/Bridging-Header.h";
			};
			name = Release;
		};
		3C80A5F41BCA5A9D0050B6B6 /* Debug */ = {
			isa = XCBuildConfiguration;
			buildSettings = {
				BUNDLE_LOADER = "$(TEST_HOST)";
				INFOPLIST_FILE = CupTests/Info.plist;
				LD_RUNPATH_SEARCH_PATHS = "$(inherited) @executable_path/Frameworks @loader_path/Frameworks";
				PRODUCT_BUNDLE_IDENTIFIER = king.CupTests;
				PRODUCT_NAME = "$(TARGET_NAME)";
				TEST_HOST = "$(BUILT_PRODUCTS_DIR)/Cup.app/Cup";
			};
			name = Debug;
		};
		3C80A5F51BCA5A9D0050B6B6 /* Release */ = {
			isa = XCBuildConfiguration;
			buildSettings = {
				BUNDLE_LOADER = "$(TEST_HOST)";
				INFOPLIST_FILE = CupTests/Info.plist;
				LD_RUNPATH_SEARCH_PATHS = "$(inherited) @executable_path/Frameworks @loader_path/Frameworks";
				PRODUCT_BUNDLE_IDENTIFIER = king.CupTests;
				PRODUCT_NAME = "$(TARGET_NAME)";
				TEST_HOST = "$(BUILT_PRODUCTS_DIR)/Cup.app/Cup";
			};
			name = Release;
		};
/* End XCBuildConfiguration section */

/* Begin XCConfigurationList section */
		3C80A5CC1BCA5A9C0050B6B6 /* Build configuration list for PBXProject "Cup" */ = {
			isa = XCConfigurationList;
			buildConfigurations = (
				3C80A5EE1BCA5A9D0050B6B6 /* Debug */,
				3C80A5EF1BCA5A9D0050B6B6 /* Release */,
			);
			defaultConfigurationIsVisible = 0;
			defaultConfigurationName = Release;
		};
		3C80A5F01BCA5A9D0050B6B6 /* Build configuration list for PBXNativeTarget "Cup" */ = {
			isa = XCConfigurationList;
			buildConfigurations = (
				3C80A5F11BCA5A9D0050B6B6 /* Debug */,
				3C80A5F21BCA5A9D0050B6B6 /* Release */,
			);
			defaultConfigurationIsVisible = 0;
			defaultConfigurationName = Release;
		};
		3C80A5F31BCA5A9D0050B6B6 /* Build configuration list for PBXNativeTarget "CupTests" */ = {
			isa = XCConfigurationList;
			buildConfigurations = (
				3C80A5F41BCA5A9D0050B6B6 /* Debug */,
				3C80A5F51BCA5A9D0050B6B6 /* Release */,
			);
			defaultConfigurationIsVisible = 0;
			defaultConfigurationName = Release;
		};
/* End XCConfigurationList section */
	};
	rootObject = 3C80A5C91BCA5A9C0050B6B6 /* Project object */;
}
