// !$*UTF8*$!
{
	archiveVersion = 1;
	classes = {
	};
	objectVersion = 46;
	objects = {

/* Begin PBXBuildFile section */
		3C1BD8671BEB8B47003E34F8 /* CentralViewController.swift in Sources */ = {isa = PBXBuildFile; fileRef = 3C1BD8661BEB8B47003E34F8 /* CentralViewController.swift */; };
		3C1BD86D1BEB8DA9003E34F8 /* Colors.swift in Sources */ = {isa = PBXBuildFile; fileRef = 3C1BD86C1BEB8DA9003E34F8 /* Colors.swift */; };
		3C1BD8761BEF85BD003E34F8 /* JavaScriptCore.framework in Frameworks */ = {isa = PBXBuildFile; fileRef = 3C1BD8751BEF85BD003E34F8 /* JavaScriptCore.framework */; };
		3C1BDF811BF0C9E3003E34F8 /* libz.tbd in Frameworks */ = {isa = PBXBuildFile; fileRef = 3C1BDF801BF0C9E3003E34F8 /* libz.tbd */; };
		3C1BDF831BF0C9ED003E34F8 /* libicucore.tbd in Frameworks */ = {isa = PBXBuildFile; fileRef = 3C1BDF821BF0C9ED003E34F8 /* libicucore.tbd */; };
		3C1BDF8A1BF0CA60003E34F8 /* SMS_SDKLocalizable.strings in Resources */ = {isa = PBXBuildFile; fileRef = 3C1BDF851BF0CA60003E34F8 /* SMS_SDKLocalizable.strings */; };
		3C1BDF8B1BF0CA60003E34F8 /* MOBFoundation.framework in Frameworks */ = {isa = PBXBuildFile; fileRef = 3C1BDF871BF0CA60003E34F8 /* MOBFoundation.framework */; };
		3C1BDF8C1BF0CA60003E34F8 /* SMS_SDK.framework in Frameworks */ = {isa = PBXBuildFile; fileRef = 3C1BDF881BF0CA60003E34F8 /* SMS_SDK.framework */; };
		3C1BDF8D1BF0CA91003E34F8 /* libstdc++.tbd in Frameworks */ = {isa = PBXBuildFile; fileRef = 3C1BDF731BF0C02F003E34F8 /* libstdc++.tbd */; };
		3C3947421BE8F19100E7FE90 /* UICollectionView.swift in Sources */ = {isa = PBXBuildFile; fileRef = 3C3947411BE8F19100E7FE90 /* UICollectionView.swift */; };
		3C3947441BE9012300E7FE90 /* Images.xcassets in Resources */ = {isa = PBXBuildFile; fileRef = 3C3947431BE9012300E7FE90 /* Images.xcassets */; };
		3C3947AA1BEA44F800E7FE90 /* CFCityPickerVC.swift in Sources */ = {isa = PBXBuildFile; fileRef = 3C3947941BEA44F800E7FE90 /* CFCityPickerVC.swift */; };
		3C3947AB1BEA44F800E7FE90 /* City.plist in Resources */ = {isa = PBXBuildFile; fileRef = 3C3947951BEA44F800E7FE90 /* City.plist */; };
		3C3947AC1BEA44F800E7FE90 /* CFCityPickerVCCommon.swift in Sources */ = {isa = PBXBuildFile; fileRef = 3C3947971BEA44F800E7FE90 /* CFCityPickerVCCommon.swift */; };
		3C3947AD1BEA44F800E7FE90 /* LocationManager.swift in Sources */ = {isa = PBXBuildFile; fileRef = 3C3947981BEA44F800E7FE90 /* LocationManager.swift */; };
		3C3947AE1BEA44F800E7FE90 /* CitySearchResultVC.swift in Sources */ = {isa = PBXBuildFile; fileRef = 3C39479A1BEA44F800E7FE90 /* CitySearchResultVC.swift */; };
		3C3947AF1BEA44F800E7FE90 /* CitySearchResultVC.xib in Resources */ = {isa = PBXBuildFile; fileRef = 3C39479B1BEA44F800E7FE90 /* CitySearchResultVC.xib */; };
		3C3947B01BEA44F800E7FE90 /* CFCityPickerVC+Main.swift in Sources */ = {isa = PBXBuildFile; fileRef = 3C39479D1BEA44F800E7FE90 /* CFCityPickerVC+Main.swift */; };
		3C3947B11BEA44F800E7FE90 /* CFCityPickerVC+TableView.swift in Sources */ = {isa = PBXBuildFile; fileRef = 3C39479E1BEA44F800E7FE90 /* CFCityPickerVC+TableView.swift */; };
		3C3947B21BEA44F800E7FE90 /* CityModel.swift in Sources */ = {isa = PBXBuildFile; fileRef = 3C3947A01BEA44F800E7FE90 /* CityModel.swift */; };
		3C3947B31BEA44F800E7FE90 /* img.bundle in Resources */ = {isa = PBXBuildFile; fileRef = 3C3947A21BEA44F800E7FE90 /* img.bundle */; };
		3C3947B41BEA44F800E7FE90 /* CFCityCell.swift in Sources */ = {isa = PBXBuildFile; fileRef = 3C3947A41BEA44F800E7FE90 /* CFCityCell.swift */; };
		3C3947B51BEA44F800E7FE90 /* CFCityCell.xib in Resources */ = {isa = PBXBuildFile; fileRef = 3C3947A51BEA44F800E7FE90 /* CFCityCell.xib */; };
		3C3947B61BEA44F800E7FE90 /* CityMaskView.swift in Sources */ = {isa = PBXBuildFile; fileRef = 3C3947A61BEA44F800E7FE90 /* CityMaskView.swift */; };
		3C3947B71BEA44F800E7FE90 /* CitySearchBar.swift in Sources */ = {isa = PBXBuildFile; fileRef = 3C3947A71BEA44F800E7FE90 /* CitySearchBar.swift */; };
		3C3947B81BEA44F800E7FE90 /* HeaderItemView.swift in Sources */ = {isa = PBXBuildFile; fileRef = 3C3947A81BEA44F800E7FE90 /* HeaderItemView.swift */; };
		3C3947B91BEA44F800E7FE90 /* HeaderItemView.xib in Resources */ = {isa = PBXBuildFile; fileRef = 3C3947A91BEA44F800E7FE90 /* HeaderItemView.xib */; };
		3C70AB4E1BEA540C00E97141 /* KSDatePickerView.swift in Sources */ = {isa = PBXBuildFile; fileRef = 3C70AB4D1BEA540C00E97141 /* KSDatePickerView.swift */; };
		3C80A5D51BCA5A9C0050B6B6 /* AppDelegate.swift in Sources */ = {isa = PBXBuildFile; fileRef = 3C80A5D41BCA5A9C0050B6B6 /* AppDelegate.swift */; };
		3C80A5D71BCA5A9C0050B6B6 /* CupViewController.swift in Sources */ = {isa = PBXBuildFile; fileRef = 3C80A5D61BCA5A9C0050B6B6 /* CupViewController.swift */; };
		3C80A5E11BCA5A9D0050B6B6 /* LaunchScreen.storyboard in Resources */ = {isa = PBXBuildFile; fileRef = 3C80A5DF1BCA5A9D0050B6B6 /* LaunchScreen.storyboard */; };
		3C80A5EC1BCA5A9D0050B6B6 /* CupTests.swift in Sources */ = {isa = PBXBuildFile; fileRef = 3C80A5EB1BCA5A9D0050B6B6 /* CupTests.swift */; };
		3CC57E031BE7BA490050E64E /* KSPickerView.swift in Sources */ = {isa = PBXBuildFile; fileRef = 3CC57E021BE7BA490050E64E /* KSPickerView.swift */; };
		6B05A4CA16F58DF3BD595D6C /* Pods.framework in Frameworks */ = {isa = PBXBuildFile; fileRef = 6013113010FD664CC0D5B2B1 /* Pods.framework */; };
		CB3CF8891BE9B04F008D577E /* UserLoginViewController.swift in Sources */ = {isa = PBXBuildFile; fileRef = CB3CF8881BE9B04F008D577E /* UserLoginViewController.swift */; };
		CB3CF88B1BE9B071008D577E /* UserRegistViewController.swift in Sources */ = {isa = PBXBuildFile; fileRef = CB3CF88A1BE9B071008D577E /* UserRegistViewController.swift */; };
		CB3CF88D1BE9B0AC008D577E /* Login.storyboard in Resources */ = {isa = PBXBuildFile; fileRef = CB3CF88C1BE9B0AC008D577E /* Login.storyboard */; };
		CB3CF88F1BE9B3F2008D577E /* UIViewController.swift in Sources */ = {isa = PBXBuildFile; fileRef = CB3CF88E1BE9B3F2008D577E /* UIViewController.swift */; };
		CB3CF8941BE9DD6E008D577E /* KSGuidanceViewController.swift in Sources */ = {isa = PBXBuildFile; fileRef = CB3CF8921BE9DD6E008D577E /* KSGuidanceViewController.swift */; };
		CB3CF8951BE9DD6E008D577E /* KSGuidanceViewController.xib in Resources */ = {isa = PBXBuildFile; fileRef = CB3CF8931BE9DD6E008D577E /* KSGuidanceViewController.xib */; };
		CB6EF3F01BF09FDD0040BF6E /* IndicatorView.swift in Sources */ = {isa = PBXBuildFile; fileRef = CB6EF3EF1BF09FDD0040BF6E /* IndicatorView.swift */; };
		CB89F7B31BE70B2700FD21FD /* ClockCollectionViewCell.swift in Sources */ = {isa = PBXBuildFile; fileRef = CB89F7B11BE70B2700FD21FD /* ClockCollectionViewCell.swift */; };
		CB89F7B41BE70B2700FD21FD /* ClockCollectionViewCell.xib in Resources */ = {isa = PBXBuildFile; fileRef = CB89F7B21BE70B2700FD21FD /* ClockCollectionViewCell.xib */; };
		CB89F7B71BE7101200FD21FD /* ClockCollectionViewController.swift in Sources */ = {isa = PBXBuildFile; fileRef = CB89F7B51BE7101200FD21FD /* ClockCollectionViewController.swift */; };
		CB89F7BB1BE710EE00FD21FD /* TabBarViewController.swift in Sources */ = {isa = PBXBuildFile; fileRef = CB89F7B91BE710EE00FD21FD /* TabBarViewController.swift */; };
		CB89F7C01BE7150A00FD21FD /* R.generated.swift in Sources */ = {isa = PBXBuildFile; fileRef = CB89F7BF1BE7150A00FD21FD /* R.generated.swift */; };
		CB89F7C41BE73CD300FD21FD /* CupProvider.swift in Sources */ = {isa = PBXBuildFile; fileRef = CB89F7C31BE73CD300FD21FD /* CupProvider.swift */; };
		CBE1DC291BE9EE5B00E1FF29 /* Main.storyboard in Resources */ = {isa = PBXBuildFile; fileRef = CBE1DC281BE9EE5B00E1FF29 /* Main.storyboard */; };
		CBE1DC2B1BE9F06E00E1FF29 /* MineViewController.swift in Sources */ = {isa = PBXBuildFile; fileRef = CBE1DC2A1BE9F06E00E1FF29 /* MineViewController.swift */; };
		CBE1DC2D1BE9F81C00E1FF29 /* AccountViewController.swift in Sources */ = {isa = PBXBuildFile; fileRef = CBE1DC2C1BE9F81C00E1FF29 /* AccountViewController.swift */; };
		CBE1DC301BE9F92200E1FF29 /* AccountTableViewCell.swift in Sources */ = {isa = PBXBuildFile; fileRef = CBE1DC2E1BE9F92200E1FF29 /* AccountTableViewCell.swift */; };
		CBE1DC311BE9F92200E1FF29 /* AccountTableViewCell.xib in Resources */ = {isa = PBXBuildFile; fileRef = CBE1DC2F1BE9F92200E1FF29 /* AccountTableViewCell.xib */; };
		CBE1DC331BEA04ED00E1FF29 /* AccountModel.swift in Sources */ = {isa = PBXBuildFile; fileRef = CBE1DC321BEA04ED00E1FF29 /* AccountModel.swift */; };
		CBE1DC351BEAFCD900E1FF29 /* UINavigationController.swift in Sources */ = {isa = PBXBuildFile; fileRef = CBE1DC341BEAFCD900E1FF29 /* UINavigationController.swift */; };
		CBE1DC3A1BEC81F900E1FF29 /* MineTableViewCell.swift in Sources */ = {isa = PBXBuildFile; fileRef = CBE1DC381BEC81F900E1FF29 /* MineTableViewCell.swift */; };
		CBE1DC3B1BEC81F900E1FF29 /* MineTableViewCell.xib in Resources */ = {isa = PBXBuildFile; fileRef = CBE1DC391BEC81F900E1FF29 /* MineTableViewCell.xib */; };
		CBE9E7C51BE88A1B00CE922B /* ClockModel.swift in Sources */ = {isa = PBXBuildFile; fileRef = CBE9E7C41BE88A1B00CE922B /* ClockModel.swift */; };
/* End PBXBuildFile section */

/* Begin PBXContainerItemProxy section */
		3C80A5E81BCA5A9D0050B6B6 /* PBXContainerItemProxy */ = {
			isa = PBXContainerItemProxy;
			containerPortal = 3C80A5C91BCA5A9C0050B6B6 /* Project object */;
			proxyType = 1;
			remoteGlobalIDString = 3C80A5D01BCA5A9C0050B6B6;
			remoteInfo = Cup;
		};
/* End PBXContainerItemProxy section */

/* Begin PBXFileReference section */
		1D52DF8D440B110927C4FB64 /* Pods.debug.xcconfig */ = {isa = PBXFileReference; includeInIndex = 1; lastKnownFileType = text.xcconfig; name = Pods.debug.xcconfig; path = "Pods/Target Support Files/Pods/Pods.debug.xcconfig"; sourceTree = "<group>"; };
		3C1BD8661BEB8B47003E34F8 /* CentralViewController.swift */ = {isa = PBXFileReference; fileEncoding = 4; lastKnownFileType = sourcecode.swift; path = CentralViewController.swift; sourceTree = "<group>"; };
		3C1BD86C1BEB8DA9003E34F8 /* Colors.swift */ = {isa = PBXFileReference; fileEncoding = 4; lastKnownFileType = sourcecode.swift; path = Colors.swift; sourceTree = "<group>"; };
		3C1BD8751BEF85BD003E34F8 /* JavaScriptCore.framework */ = {isa = PBXFileReference; lastKnownFileType = wrapper.framework; name = JavaScriptCore.framework; path = System/Library/Frameworks/JavaScriptCore.framework; sourceTree = SDKROOT; };
		3C1BD87B1BEF87E2003E34F8 /* Bridging-Header.h */ = {isa = PBXFileReference; lastKnownFileType = sourcecode.c.h; path = "Bridging-Header.h"; sourceTree = "<group>"; };
		3C1BDF731BF0C02F003E34F8 /* libstdc++.tbd */ = {isa = PBXFileReference; lastKnownFileType = "sourcecode.text-based-dylib-definition"; name = "libstdc++.tbd"; path = "usr/lib/libstdc++.tbd"; sourceTree = SDKROOT; };
		3C1BDF801BF0C9E3003E34F8 /* libz.tbd */ = {isa = PBXFileReference; lastKnownFileType = "sourcecode.text-based-dylib-definition"; name = libz.tbd; path = usr/lib/libz.tbd; sourceTree = SDKROOT; };
		3C1BDF821BF0C9ED003E34F8 /* libicucore.tbd */ = {isa = PBXFileReference; lastKnownFileType = "sourcecode.text-based-dylib-definition"; name = libicucore.tbd; path = usr/lib/libicucore.tbd; sourceTree = SDKROOT; };
		3C1BDF861BF0CA60003E34F8 /* en */ = {isa = PBXFileReference; lastKnownFileType = text.plist.strings; name = en; path = en.lproj/SMS_SDKLocalizable.strings; sourceTree = "<group>"; };
		3C1BDF871BF0CA60003E34F8 /* MOBFoundation.framework */ = {isa = PBXFileReference; lastKnownFileType = wrapper.framework; path = MOBFoundation.framework; sourceTree = "<group>"; };
		3C1BDF881BF0CA60003E34F8 /* SMS_SDK.framework */ = {isa = PBXFileReference; lastKnownFileType = wrapper.framework; path = SMS_SDK.framework; sourceTree = "<group>"; };
		3C1BDF891BF0CA60003E34F8 /* zh-Hans */ = {isa = PBXFileReference; lastKnownFileType = text.plist.strings; name = "zh-Hans"; path = "zh-Hans.lproj/SMS_SDKLocalizable.strings"; sourceTree = "<group>"; };
		3C3947411BE8F19100E7FE90 /* UICollectionView.swift */ = {isa = PBXFileReference; fileEncoding = 4; lastKnownFileType = sourcecode.swift; name = UICollectionView.swift; path = Source/ViewControll/UICollectionView.swift; sourceTree = SOURCE_ROOT; };
		3C3947431BE9012300E7FE90 /* Images.xcassets */ = {isa = PBXFileReference; lastKnownFileType = folder.assetcatalog; path = Images.xcassets; sourceTree = "<group>"; };
		3C3947941BEA44F800E7FE90 /* CFCityPickerVC.swift */ = {isa = PBXFileReference; fileEncoding = 4; lastKnownFileType = sourcecode.swift; path = CFCityPickerVC.swift; sourceTree = "<group>"; };
		3C3947951BEA44F800E7FE90 /* City.plist */ = {isa = PBXFileReference; fileEncoding = 4; lastKnownFileType = text.plist.xml; path = City.plist; sourceTree = "<group>"; };
		3C3947971BEA44F800E7FE90 /* CFCityPickerVCCommon.swift */ = {isa = PBXFileReference; fileEncoding = 4; lastKnownFileType = sourcecode.swift; path = CFCityPickerVCCommon.swift; sourceTree = "<group>"; };
		3C3947981BEA44F800E7FE90 /* LocationManager.swift */ = {isa = PBXFileReference; fileEncoding = 4; lastKnownFileType = sourcecode.swift; path = LocationManager.swift; sourceTree = "<group>"; };
		3C39479A1BEA44F800E7FE90 /* CitySearchResultVC.swift */ = {isa = PBXFileReference; fileEncoding = 4; lastKnownFileType = sourcecode.swift; path = CitySearchResultVC.swift; sourceTree = "<group>"; };
		3C39479B1BEA44F800E7FE90 /* CitySearchResultVC.xib */ = {isa = PBXFileReference; fileEncoding = 4; lastKnownFileType = file.xib; path = CitySearchResultVC.xib; sourceTree = "<group>"; };
		3C39479D1BEA44F800E7FE90 /* CFCityPickerVC+Main.swift */ = {isa = PBXFileReference; fileEncoding = 4; lastKnownFileType = sourcecode.swift; path = "CFCityPickerVC+Main.swift"; sourceTree = "<group>"; };
		3C39479E1BEA44F800E7FE90 /* CFCityPickerVC+TableView.swift */ = {isa = PBXFileReference; fileEncoding = 4; lastKnownFileType = sourcecode.swift; path = "CFCityPickerVC+TableView.swift"; sourceTree = "<group>"; };
		3C3947A01BEA44F800E7FE90 /* CityModel.swift */ = {isa = PBXFileReference; fileEncoding = 4; lastKnownFileType = sourcecode.swift; path = CityModel.swift; sourceTree = "<group>"; };
		3C3947A21BEA44F800E7FE90 /* img.bundle */ = {isa = PBXFileReference; lastKnownFileType = "wrapper.plug-in"; path = img.bundle; sourceTree = "<group>"; };
		3C3947A41BEA44F800E7FE90 /* CFCityCell.swift */ = {isa = PBXFileReference; fileEncoding = 4; lastKnownFileType = sourcecode.swift; path = CFCityCell.swift; sourceTree = "<group>"; };
		3C3947A51BEA44F800E7FE90 /* CFCityCell.xib */ = {isa = PBXFileReference; fileEncoding = 4; lastKnownFileType = file.xib; path = CFCityCell.xib; sourceTree = "<group>"; };
		3C3947A61BEA44F800E7FE90 /* CityMaskView.swift */ = {isa = PBXFileReference; fileEncoding = 4; lastKnownFileType = sourcecode.swift; path = CityMaskView.swift; sourceTree = "<group>"; };
		3C3947A71BEA44F800E7FE90 /* CitySearchBar.swift */ = {isa = PBXFileReference; fileEncoding = 4; lastKnownFileType = sourcecode.swift; path = CitySearchBar.swift; sourceTree = "<group>"; };
		3C3947A81BEA44F800E7FE90 /* HeaderItemView.swift */ = {isa = PBXFileReference; fileEncoding = 4; lastKnownFileType = sourcecode.swift; path = HeaderItemView.swift; sourceTree = "<group>"; };
		3C3947A91BEA44F800E7FE90 /* HeaderItemView.xib */ = {isa = PBXFileReference; fileEncoding = 4; lastKnownFileType = file.xib; path = HeaderItemView.xib; sourceTree = "<group>"; };
		3C70AB4D1BEA540C00E97141 /* KSDatePickerView.swift */ = {isa = PBXFileReference; fileEncoding = 4; lastKnownFileType = sourcecode.swift; path = KSDatePickerView.swift; sourceTree = "<group>"; };
		3C80A5D11BCA5A9C0050B6B6 /* Cup.app */ = {isa = PBXFileReference; explicitFileType = wrapper.application; includeInIndex = 0; path = Cup.app; sourceTree = BUILT_PRODUCTS_DIR; };
		3C80A5D41BCA5A9C0050B6B6 /* AppDelegate.swift */ = {isa = PBXFileReference; lastKnownFileType = sourcecode.swift; path = AppDelegate.swift; sourceTree = "<group>"; };
		3C80A5D61BCA5A9C0050B6B6 /* CupViewController.swift */ = {isa = PBXFileReference; lastKnownFileType = sourcecode.swift; name = CupViewController.swift; path = ../../Cup/CupViewController.swift; sourceTree = "<group>"; };
		3C80A5E01BCA5A9D0050B6B6 /* Base */ = {isa = PBXFileReference; lastKnownFileType = file.storyboard; name = Base; path = Base.lproj/LaunchScreen.storyboard; sourceTree = "<group>"; };
		3C80A5E21BCA5A9D0050B6B6 /* Info.plist */ = {isa = PBXFileReference; lastKnownFileType = text.plist.xml; path = Info.plist; sourceTree = "<group>"; };
		3C80A5E71BCA5A9D0050B6B6 /* CupTests.xctest */ = {isa = PBXFileReference; explicitFileType = wrapper.cfbundle; includeInIndex = 0; path = CupTests.xctest; sourceTree = BUILT_PRODUCTS_DIR; };
		3C80A5EB1BCA5A9D0050B6B6 /* CupTests.swift */ = {isa = PBXFileReference; lastKnownFileType = sourcecode.swift; path = CupTests.swift; sourceTree = "<group>"; };
		3C80A5ED1BCA5A9D0050B6B6 /* Info.plist */ = {isa = PBXFileReference; lastKnownFileType = text.plist.xml; path = Info.plist; sourceTree = "<group>"; };
		3CC57E021BE7BA490050E64E /* KSPickerView.swift */ = {isa = PBXFileReference; fileEncoding = 4; lastKnownFileType = sourcecode.swift; path = KSPickerView.swift; sourceTree = "<group>"; };
		6013113010FD664CC0D5B2B1 /* Pods.framework */ = {isa = PBXFileReference; explicitFileType = wrapper.framework; includeInIndex = 0; path = Pods.framework; sourceTree = BUILT_PRODUCTS_DIR; };
		65F98BEC34B52C4E9381B7EB /* Pods.release.xcconfig */ = {isa = PBXFileReference; includeInIndex = 1; lastKnownFileType = text.xcconfig; name = Pods.release.xcconfig; path = "Pods/Target Support Files/Pods/Pods.release.xcconfig"; sourceTree = "<group>"; };
		CB3CF8881BE9B04F008D577E /* UserLoginViewController.swift */ = {isa = PBXFileReference; fileEncoding = 4; lastKnownFileType = sourcecode.swift; path = UserLoginViewController.swift; sourceTree = "<group>"; };
		CB3CF88A1BE9B071008D577E /* UserRegistViewController.swift */ = {isa = PBXFileReference; fileEncoding = 4; lastKnownFileType = sourcecode.swift; path = UserRegistViewController.swift; sourceTree = "<group>"; };
		CB3CF88C1BE9B0AC008D577E /* Login.storyboard */ = {isa = PBXFileReference; fileEncoding = 4; lastKnownFileType = file.storyboard; path = Login.storyboard; sourceTree = "<group>"; };
		CB3CF88E1BE9B3F2008D577E /* UIViewController.swift */ = {isa = PBXFileReference; fileEncoding = 4; lastKnownFileType = sourcecode.swift; path = UIViewController.swift; sourceTree = "<group>"; };
		CB3CF8921BE9DD6E008D577E /* KSGuidanceViewController.swift */ = {isa = PBXFileReference; fileEncoding = 4; lastKnownFileType = sourcecode.swift; path = KSGuidanceViewController.swift; sourceTree = "<group>"; };
		CB3CF8931BE9DD6E008D577E /* KSGuidanceViewController.xib */ = {isa = PBXFileReference; fileEncoding = 4; lastKnownFileType = file.xib; path = KSGuidanceViewController.xib; sourceTree = "<group>"; };
		CB6EF3EF1BF09FDD0040BF6E /* IndicatorView.swift */ = {isa = PBXFileReference; fileEncoding = 4; lastKnownFileType = sourcecode.swift; path = IndicatorView.swift; sourceTree = "<group>"; };
		CB89F7B11BE70B2700FD21FD /* ClockCollectionViewCell.swift */ = {isa = PBXFileReference; fileEncoding = 4; lastKnownFileType = sourcecode.swift; path = ClockCollectionViewCell.swift; sourceTree = "<group>"; };
		CB89F7B21BE70B2700FD21FD /* ClockCollectionViewCell.xib */ = {isa = PBXFileReference; fileEncoding = 4; lastKnownFileType = file.xib; path = ClockCollectionViewCell.xib; sourceTree = "<group>"; };
		CB89F7B51BE7101200FD21FD /* ClockCollectionViewController.swift */ = {isa = PBXFileReference; fileEncoding = 4; lastKnownFileType = sourcecode.swift; path = ClockCollectionViewController.swift; sourceTree = "<group>"; };
		CB89F7B91BE710EE00FD21FD /* TabBarViewController.swift */ = {isa = PBXFileReference; fileEncoding = 4; lastKnownFileType = sourcecode.swift; path = TabBarViewController.swift; sourceTree = "<group>"; };
		CB89F7BF1BE7150A00FD21FD /* R.generated.swift */ = {isa = PBXFileReference; fileEncoding = 4; lastKnownFileType = sourcecode.swift; path = R.generated.swift; sourceTree = "<group>"; };
		CB89F7C31BE73CD300FD21FD /* CupProvider.swift */ = {isa = PBXFileReference; fileEncoding = 4; lastKnownFileType = sourcecode.swift; path = CupProvider.swift; sourceTree = "<group>"; };
		CBE1DC281BE9EE5B00E1FF29 /* Main.storyboard */ = {isa = PBXFileReference; fileEncoding = 4; lastKnownFileType = file.storyboard; path = Main.storyboard; sourceTree = "<group>"; };
		CBE1DC2A1BE9F06E00E1FF29 /* MineViewController.swift */ = {isa = PBXFileReference; fileEncoding = 4; lastKnownFileType = sourcecode.swift; path = MineViewController.swift; sourceTree = "<group>"; };
		CBE1DC2C1BE9F81C00E1FF29 /* AccountViewController.swift */ = {isa = PBXFileReference; fileEncoding = 4; lastKnownFileType = sourcecode.swift; path = AccountViewController.swift; sourceTree = "<group>"; };
		CBE1DC2E1BE9F92200E1FF29 /* AccountTableViewCell.swift */ = {isa = PBXFileReference; fileEncoding = 4; lastKnownFileType = sourcecode.swift; path = AccountTableViewCell.swift; sourceTree = "<group>"; };
		CBE1DC2F1BE9F92200E1FF29 /* AccountTableViewCell.xib */ = {isa = PBXFileReference; fileEncoding = 4; lastKnownFileType = file.xib; path = AccountTableViewCell.xib; sourceTree = "<group>"; };
		CBE1DC321BEA04ED00E1FF29 /* AccountModel.swift */ = {isa = PBXFileReference; fileEncoding = 4; lastKnownFileType = sourcecode.swift; path = AccountModel.swift; sourceTree = "<group>"; };
		CBE1DC341BEAFCD900E1FF29 /* UINavigationController.swift */ = {isa = PBXFileReference; fileEncoding = 4; lastKnownFileType = sourcecode.swift; path = UINavigationController.swift; sourceTree = "<group>"; };
		CBE1DC381BEC81F900E1FF29 /* MineTableViewCell.swift */ = {isa = PBXFileReference; fileEncoding = 4; lastKnownFileType = sourcecode.swift; path = MineTableViewCell.swift; sourceTree = "<group>"; };
		CBE1DC391BEC81F900E1FF29 /* MineTableViewCell.xib */ = {isa = PBXFileReference; fileEncoding = 4; lastKnownFileType = file.xib; path = MineTableViewCell.xib; sourceTree = "<group>"; };
		CBE9E7C41BE88A1B00CE922B /* ClockModel.swift */ = {isa = PBXFileReference; fileEncoding = 4; lastKnownFileType = sourcecode.swift; path = ClockModel.swift; sourceTree = "<group>"; };
/* End PBXFileReference section */

/* Begin PBXFrameworksBuildPhase section */
		3C80A5CE1BCA5A9C0050B6B6 /* Frameworks */ = {
			isa = PBXFrameworksBuildPhase;
			buildActionMask = 2147483647;
			files = (
				3C1BDF8D1BF0CA91003E34F8 /* libstdc++.tbd in Frameworks */,
				3C1BDF831BF0C9ED003E34F8 /* libicucore.tbd in Frameworks */,
				3C1BDF811BF0C9E3003E34F8 /* libz.tbd in Frameworks */,
				3C1BDF8B1BF0CA60003E34F8 /* MOBFoundation.framework in Frameworks */,
				3C1BDF8C1BF0CA60003E34F8 /* SMS_SDK.framework in Frameworks */,
				3C1BD8761BEF85BD003E34F8 /* JavaScriptCore.framework in Frameworks */,
				6B05A4CA16F58DF3BD595D6C /* Pods.framework in Frameworks */,
			);
			runOnlyForDeploymentPostprocessing = 0;
		};
		3C80A5E41BCA5A9D0050B6B6 /* Frameworks */ = {
			isa = PBXFrameworksBuildPhase;
			buildActionMask = 2147483647;
			files = (
			);
			runOnlyForDeploymentPostprocessing = 0;
		};
/* End PBXFrameworksBuildPhase section */

/* Begin PBXGroup section */
		3C1BDF841BF0CA60003E34F8 /* SMS_SDK */ = {
			isa = PBXGroup;
			children = (
				3C1BDF851BF0CA60003E34F8 /* SMS_SDKLocalizable.strings */,
				3C1BDF871BF0CA60003E34F8 /* MOBFoundation.framework */,
				3C1BDF881BF0CA60003E34F8 /* SMS_SDK.framework */,
			);
			path = SMS_SDK;
			sourceTree = "<group>";
		};
		3C3947931BEA44F800E7FE90 /* CFCityPickerVC */ = {
			isa = PBXGroup;
			children = (
				3C3947941BEA44F800E7FE90 /* CFCityPickerVC.swift */,
				3C3947951BEA44F800E7FE90 /* City.plist */,
				3C3947961BEA44F800E7FE90 /* Common */,
				3C3947991BEA44F800E7FE90 /* Controller */,
				3C39479C1BEA44F800E7FE90 /* Extendsion */,
				3C39479F1BEA44F800E7FE90 /* Model */,
				3C3947A11BEA44F800E7FE90 /* Resource */,
				3C3947A31BEA44F800E7FE90 /* View */,
			);
			path = CFCityPickerVC;
			sourceTree = "<group>";
		};
		3C3947961BEA44F800E7FE90 /* Common */ = {
			isa = PBXGroup;
			children = (
				3C3947971BEA44F800E7FE90 /* CFCityPickerVCCommon.swift */,
				3C3947981BEA44F800E7FE90 /* LocationManager.swift */,
			);
			path = Common;
			sourceTree = "<group>";
		};
		3C3947991BEA44F800E7FE90 /* Controller */ = {
			isa = PBXGroup;
			children = (
				3C39479A1BEA44F800E7FE90 /* CitySearchResultVC.swift */,
				3C39479B1BEA44F800E7FE90 /* CitySearchResultVC.xib */,
			);
			path = Controller;
			sourceTree = "<group>";
		};
		3C39479C1BEA44F800E7FE90 /* Extendsion */ = {
			isa = PBXGroup;
			children = (
				3C39479D1BEA44F800E7FE90 /* CFCityPickerVC+Main.swift */,
				3C39479E1BEA44F800E7FE90 /* CFCityPickerVC+TableView.swift */,
			);
			path = Extendsion;
			sourceTree = "<group>";
		};
		3C39479F1BEA44F800E7FE90 /* Model */ = {
			isa = PBXGroup;
			children = (
				3C3947A01BEA44F800E7FE90 /* CityModel.swift */,
			);
			path = Model;
			sourceTree = "<group>";
		};
		3C3947A11BEA44F800E7FE90 /* Resource */ = {
			isa = PBXGroup;
			children = (
				3C3947A21BEA44F800E7FE90 /* img.bundle */,
			);
			path = Resource;
			sourceTree = "<group>";
		};
		3C3947A31BEA44F800E7FE90 /* View */ = {
			isa = PBXGroup;
			children = (
				3C3947A41BEA44F800E7FE90 /* CFCityCell.swift */,
				3C3947A51BEA44F800E7FE90 /* CFCityCell.xib */,
				3C3947A61BEA44F800E7FE90 /* CityMaskView.swift */,
				3C3947A71BEA44F800E7FE90 /* CitySearchBar.swift */,
				3C3947A81BEA44F800E7FE90 /* HeaderItemView.swift */,
				3C3947A91BEA44F800E7FE90 /* HeaderItemView.xib */,
			);
			path = View;
			sourceTree = "<group>";
		};
		3C80A5C81BCA5A9C0050B6B6 = {
			isa = PBXGroup;
			children = (
				CB89F7A71BE707BF00FD21FD /* Source */,
				CB89F7A61BE707BF00FD21FD /* Resource */,
				3C80A5D31BCA5A9C0050B6B6 /* Cup */,
				3C80A5EA1BCA5A9D0050B6B6 /* CupTests */,
				3C80A5D21BCA5A9C0050B6B6 /* Products */,
				E9D956B4F1DC8BADB0480A42 /* Pods */,
				DA07D51378BE1308DC23C162 /* Frameworks */,
			);
			sourceTree = "<group>";
		};
		3C80A5D21BCA5A9C0050B6B6 /* Products */ = {
			isa = PBXGroup;
			children = (
				3C80A5D11BCA5A9C0050B6B6 /* Cup.app */,
				3C80A5E71BCA5A9D0050B6B6 /* CupTests.xctest */,
			);
			name = Products;
			sourceTree = "<group>";
		};
		3C80A5D31BCA5A9C0050B6B6 /* Cup */ = {
			isa = PBXGroup;
			children = (
				3C1BDF841BF0CA60003E34F8 /* SMS_SDK */,
				3C80A5D41BCA5A9C0050B6B6 /* AppDelegate.swift */,
				3C80A5DF1BCA5A9D0050B6B6 /* LaunchScreen.storyboard */,
				3C80A5E21BCA5A9D0050B6B6 /* Info.plist */,
				3C3947431BE9012300E7FE90 /* Images.xcassets */,
				3C1BD87B1BEF87E2003E34F8 /* Bridging-Header.h */,
			);
			path = Cup;
			sourceTree = "<group>";
		};
		3C80A5EA1BCA5A9D0050B6B6 /* CupTests */ = {
			isa = PBXGroup;
			children = (
				3C80A5EB1BCA5A9D0050B6B6 /* CupTests.swift */,
				3C80A5ED1BCA5A9D0050B6B6 /* Info.plist */,
			);
			path = CupTests;
			sourceTree = "<group>";
		};
		CB89F7A61BE707BF00FD21FD /* Resource */ = {
			isa = PBXGroup;
			children = (
			);
			path = Resource;
			sourceTree = "<group>";
		};
		CB89F7A71BE707BF00FD21FD /* Source */ = {
			isa = PBXGroup;
			children = (
				3C3947931BEA44F800E7FE90 /* CFCityPickerVC */,
				CB89F7A81BE707BF00FD21FD /* Config */,
				CB89F7A91BE707BF00FD21FD /* Model */,
				CB89F7AA1BE707BF00FD21FD /* Utils */,
				CB89F7AB1BE707BF00FD21FD /* View */,
				CB89F7AD1BE707BF00FD21FD /* ViewControll */,
				CB89F7AE1BE707BF00FD21FD /* ViewModel */,
			);
			path = Source;
			sourceTree = "<group>";
		};
		CB89F7A81BE707BF00FD21FD /* Config */ = {
			isa = PBXGroup;
			children = (
				3C1BD86C1BEB8DA9003E34F8 /* Colors.swift */,
				CB89F7BF1BE7150A00FD21FD /* R.generated.swift */,
				CB89F7C31BE73CD300FD21FD /* CupProvider.swift */,
			);
			path = Config;
			sourceTree = "<group>";
		};
		CB89F7A91BE707BF00FD21FD /* Model */ = {
			isa = PBXGroup;
			children = (
				CBE9E7C41BE88A1B00CE922B /* ClockModel.swift */,
				CBE1DC321BEA04ED00E1FF29 /* AccountModel.swift */,
			);
			path = Model;
			sourceTree = "<group>";
		};
		CB89F7AA1BE707BF00FD21FD /* Utils */ = {
			isa = PBXGroup;
			children = (
				3C3947411BE8F19100E7FE90 /* UICollectionView.swift */,
				CB3CF88E1BE9B3F2008D577E /* UIViewController.swift */,
				CBE1DC341BEAFCD900E1FF29 /* UINavigationController.swift */,
			);
			path = Utils;
			sourceTree = "<group>";
		};
		CB89F7AB1BE707BF00FD21FD /* View */ = {
			isa = PBXGroup;
			children = (
				3CC57E021BE7BA490050E64E /* KSPickerView.swift */,
				3C70AB4D1BEA540C00E97141 /* KSDatePickerView.swift */,
				CB89F7AC1BE707BF00FD21FD /* ViewCell */,
				CB6EF3EF1BF09FDD0040BF6E /* IndicatorView.swift */,
			);
			path = View;
			sourceTree = "<group>";
		};
		CB89F7AC1BE707BF00FD21FD /* ViewCell */ = {
			isa = PBXGroup;
			children = (
				CB89F7B11BE70B2700FD21FD /* ClockCollectionViewCell.swift */,
				CB89F7B21BE70B2700FD21FD /* ClockCollectionViewCell.xib */,
				CBE1DC2E1BE9F92200E1FF29 /* AccountTableViewCell.swift */,
				CBE1DC2F1BE9F92200E1FF29 /* AccountTableViewCell.xib */,
				CBE1DC381BEC81F900E1FF29 /* MineTableViewCell.swift */,
				CBE1DC391BEC81F900E1FF29 /* MineTableViewCell.xib */,
			);
			path = ViewCell;
			sourceTree = "<group>";
		};
		CB89F7AD1BE707BF00FD21FD /* ViewControll */ = {
			isa = PBXGroup;
			children = (
				CB3CF8921BE9DD6E008D577E /* KSGuidanceViewController.swift */,
				CB3CF8931BE9DD6E008D577E /* KSGuidanceViewController.xib */,
				CB3CF8881BE9B04F008D577E /* UserLoginViewController.swift */,
				CB3CF88A1BE9B071008D577E /* UserRegistViewController.swift */,
				CB3CF88C1BE9B0AC008D577E /* Login.storyboard */,
				3C1BD8661BEB8B47003E34F8 /* CentralViewController.swift */,
				3C80A5D61BCA5A9C0050B6B6 /* CupViewController.swift */,
				CB89F7B51BE7101200FD21FD /* ClockCollectionViewController.swift */,
				CB89F7B91BE710EE00FD21FD /* TabBarViewController.swift */,
				CBE1DC2A1BE9F06E00E1FF29 /* MineViewController.swift */,
				CBE1DC281BE9EE5B00E1FF29 /* Main.storyboard */,
				CBE1DC2C1BE9F81C00E1FF29 /* AccountViewController.swift */,
			);
			path = ViewControll;
			sourceTree = "<group>";
		};
		CB89F7AE1BE707BF00FD21FD /* ViewModel */ = {
			isa = PBXGroup;
			children = (
			);
			path = ViewModel;
			sourceTree = "<group>";
		};
		DA07D51378BE1308DC23C162 /* Frameworks */ = {
			isa = PBXGroup;
			children = (
				3C1BDF821BF0C9ED003E34F8 /* libicucore.tbd */,
				3C1BDF801BF0C9E3003E34F8 /* libz.tbd */,
				3C1BDF731BF0C02F003E34F8 /* libstdc++.tbd */,
				3C1BD8751BEF85BD003E34F8 /* JavaScriptCore.framework */,
				6013113010FD664CC0D5B2B1 /* Pods.framework */,
			);
			name = Frameworks;
			sourceTree = "<group>";
		};
		E9D956B4F1DC8BADB0480A42 /* Pods */ = {
			isa = PBXGroup;
			children = (
				1D52DF8D440B110927C4FB64 /* Pods.debug.xcconfig */,
				65F98BEC34B52C4E9381B7EB /* Pods.release.xcconfig */,
			);
			name = Pods;
			sourceTree = "<group>";
		};
/* End PBXGroup section */

/* Begin PBXNativeTarget section */
		3C80A5D01BCA5A9C0050B6B6 /* Cup */ = {
			isa = PBXNativeTarget;
			buildConfigurationList = 3C80A5F01BCA5A9D0050B6B6 /* Build configuration list for PBXNativeTarget "Cup" */;
			buildPhases = (
				3894886D13211D0D871E1FEC /* Check Pods Manifest.lock */,
				CB89F7BD1BE7123500FD21FD /* Run Script */,
				3C80A5CD1BCA5A9C0050B6B6 /* Sources */,
				3C80A5CE1BCA5A9C0050B6B6 /* Frameworks */,
				3C80A5CF1BCA5A9C0050B6B6 /* Resources */,
				3A43D44234FFE54E963536BC /* Embed Pods Frameworks */,
				A1323E5EAA3412736EA8A904 /* Copy Pods Resources */,
			);
			buildRules = (
			);
			dependencies = (
			);
			name = Cup;
			productName = Cup;
			productReference = 3C80A5D11BCA5A9C0050B6B6 /* Cup.app */;
			productType = "com.apple.product-type.application";
		};
		3C80A5E61BCA5A9D0050B6B6 /* CupTests */ = {
			isa = PBXNativeTarget;
			buildConfigurationList = 3C80A5F31BCA5A9D0050B6B6 /* Build configuration list for PBXNativeTarget "CupTests" */;
			buildPhases = (
				3C80A5E31BCA5A9D0050B6B6 /* Sources */,
				3C80A5E41BCA5A9D0050B6B6 /* Frameworks */,
				3C80A5E51BCA5A9D0050B6B6 /* Resources */,
			);
			buildRules = (
			);
			dependencies = (
				3C80A5E91BCA5A9D0050B6B6 /* PBXTargetDependency */,
			);
			name = CupTests;
			productName = CupTests;
			productReference = 3C80A5E71BCA5A9D0050B6B6 /* CupTests.xctest */;
			productType = "com.apple.product-type.bundle.unit-test";
		};
/* End PBXNativeTarget section */

/* Begin PBXProject section */
		3C80A5C91BCA5A9C0050B6B6 /* Project object */ = {
			isa = PBXProject;
			attributes = {
				LastUpgradeCheck = 0700;
				ORGANIZATIONNAME = king;
				TargetAttributes = {
					3C80A5D01BCA5A9C0050B6B6 = {
						CreatedOnToolsVersion = 7.0;
						SystemCapabilities = {
							com.apple.BackgroundModes = {
								enabled = 1;
							};
						};
					};
					3C80A5E61BCA5A9D0050B6B6 = {
						CreatedOnToolsVersion = 7.0;
						TestTargetID = 3C80A5D01BCA5A9C0050B6B6;
					};
				};
			};
			buildConfigurationList = 3C80A5CC1BCA5A9C0050B6B6 /* Build configuration list for PBXProject "Cup" */;
			compatibilityVersion = "Xcode 3.2";
			developmentRegion = English;
			hasScannedForEncodings = 0;
			knownRegions = (
				en,
				Base,
				"zh-Hans",
			);
			mainGroup = 3C80A5C81BCA5A9C0050B6B6;
			productRefGroup = 3C80A5D21BCA5A9C0050B6B6 /* Products */;
			projectDirPath = "";
			projectRoot = "";
			targets = (
				3C80A5D01BCA5A9C0050B6B6 /* Cup */,
				3C80A5E61BCA5A9D0050B6B6 /* CupTests */,
			);
		};
/* End PBXProject section */

/* Begin PBXResourcesBuildPhase section */
		3C80A5CF1BCA5A9C0050B6B6 /* Resources */ = {
			isa = PBXResourcesBuildPhase;
			buildActionMask = 2147483647;
			files = (
				3C80A5E11BCA5A9D0050B6B6 /* LaunchScreen.storyboard in Resources */,
				3C3947B31BEA44F800E7FE90 /* img.bundle in Resources */,
				3C3947B91BEA44F800E7FE90 /* HeaderItemView.xib in Resources */,
				3C3947B51BEA44F800E7FE90 /* CFCityCell.xib in Resources */,
				CB3CF8951BE9DD6E008D577E /* KSGuidanceViewController.xib in Resources */,
				CB3CF88D1BE9B0AC008D577E /* Login.storyboard in Resources */,
				CBE1DC3B1BEC81F900E1FF29 /* MineTableViewCell.xib in Resources */,
				3C3947441BE9012300E7FE90 /* Images.xcassets in Resources */,
				3C1BDF8A1BF0CA60003E34F8 /* SMS_SDKLocalizable.strings in Resources */,
				3C3947AF1BEA44F800E7FE90 /* CitySearchResultVC.xib in Resources */,
				CBE1DC291BE9EE5B00E1FF29 /* Main.storyboard in Resources */,
				3C3947AB1BEA44F800E7FE90 /* City.plist in Resources */,
				CBE1DC311BE9F92200E1FF29 /* AccountTableViewCell.xib in Resources */,
				CB89F7B41BE70B2700FD21FD /* ClockCollectionViewCell.xib in Resources */,
			);
			runOnlyForDeploymentPostprocessing = 0;
		};
		3C80A5E51BCA5A9D0050B6B6 /* Resources */ = {
			isa = PBXResourcesBuildPhase;
			buildActionMask = 2147483647;
			files = (
			);
			runOnlyForDeploymentPostprocessing = 0;
		};
/* End PBXResourcesBuildPhase section */

/* Begin PBXShellScriptBuildPhase section */
		3894886D13211D0D871E1FEC /* Check Pods Manifest.lock */ = {
			isa = PBXShellScriptBuildPhase;
			buildActionMask = 2147483647;
			files = (
			);
			inputPaths = (
			);
			name = "Check Pods Manifest.lock";
			outputPaths = (
			);
			runOnlyForDeploymentPostprocessing = 0;
			shellPath = /bin/sh;
			shellScript = "diff \"${PODS_ROOT}/../Podfile.lock\" \"${PODS_ROOT}/Manifest.lock\" > /dev/null\nif [[ $? != 0 ]] ; then\n    cat << EOM\nerror: The sandbox is not in sync with the Podfile.lock. Run 'pod install' or update your CocoaPods installation.\nEOM\n    exit 1\nfi\n";
			showEnvVarsInLog = 0;
		};
		3A43D44234FFE54E963536BC /* Embed Pods Frameworks */ = {
			isa = PBXShellScriptBuildPhase;
			buildActionMask = 2147483647;
			files = (
			);
			inputPaths = (
			);
			name = "Embed Pods Frameworks";
			outputPaths = (
			);
			runOnlyForDeploymentPostprocessing = 0;
			shellPath = /bin/sh;
			shellScript = "\"${SRCROOT}/Pods/Target Support Files/Pods/Pods-frameworks.sh\"\n";
			showEnvVarsInLog = 0;
		};
		A1323E5EAA3412736EA8A904 /* Copy Pods Resources */ = {
			isa = PBXShellScriptBuildPhase;
			buildActionMask = 2147483647;
			files = (
			);
			inputPaths = (
			);
			name = "Copy Pods Resources";
			outputPaths = (
			);
			runOnlyForDeploymentPostprocessing = 0;
			shellPath = /bin/sh;
			shellScript = "\"${SRCROOT}/Pods/Target Support Files/Pods/Pods-resources.sh\"\n";
			showEnvVarsInLog = 0;
		};
		CB89F7BD1BE7123500FD21FD /* Run Script */ = {
			isa = PBXShellScriptBuildPhase;
			buildActionMask = 2147483647;
			files = (
			);
			inputPaths = (
			);
			name = "Run Script";
			outputPaths = (
			);
			runOnlyForDeploymentPostprocessing = 0;
			shellPath = /bin/sh;
			shellScript = "\"$PODS_ROOT/R.swift/rswift\" \"./Source/Config\"";
		};
/* End PBXShellScriptBuildPhase section */

/* Begin PBXSourcesBuildPhase section */
		3C80A5CD1BCA5A9C0050B6B6 /* Sources */ = {
			isa = PBXSourcesBuildPhase;
			buildActionMask = 2147483647;
			files = (
				CB6EF3F01BF09FDD0040BF6E /* IndicatorView.swift in Sources */,
				3C3947B11BEA44F800E7FE90 /* CFCityPickerVC+TableView.swift in Sources */,
				3C3947421BE8F19100E7FE90 /* UICollectionView.swift in Sources */,
				CBE1DC331BEA04ED00E1FF29 /* AccountModel.swift in Sources */,
				CB3CF8891BE9B04F008D577E /* UserLoginViewController.swift in Sources */,
				3C70AB4E1BEA540C00E97141 /* KSDatePickerView.swift in Sources */,
				CBE1DC2D1BE9F81C00E1FF29 /* AccountViewController.swift in Sources */,
				CBE1DC3A1BEC81F900E1FF29 /* MineTableViewCell.swift in Sources */,
				3C3947B61BEA44F800E7FE90 /* CityMaskView.swift in Sources */,
				CBE1DC301BE9F92200E1FF29 /* AccountTableViewCell.swift in Sources */,
				3C3947B01BEA44F800E7FE90 /* CFCityPickerVC+Main.swift in Sources */,
				3C80A5D51BCA5A9C0050B6B6 /* AppDelegate.swift in Sources */,
				3C3947AE1BEA44F800E7FE90 /* CitySearchResultVC.swift in Sources */,
				3C3947B71BEA44F800E7FE90 /* CitySearchBar.swift in Sources */,
				3C3947B41BEA44F800E7FE90 /* CFCityCell.swift in Sources */,
				CBE9E7C51BE88A1B00CE922B /* ClockModel.swift in Sources */,
				3C3947B81BEA44F800E7FE90 /* HeaderItemView.swift in Sources */,
				3C3947B21BEA44F800E7FE90 /* CityModel.swift in Sources */,
				CB3CF8941BE9DD6E008D577E /* KSGuidanceViewController.swift in Sources */,
				CB89F7B71BE7101200FD21FD /* ClockCollectionViewController.swift in Sources */,
				3C3947AA1BEA44F800E7FE90 /* CFCityPickerVC.swift in Sources */,
				CB3CF88B1BE9B071008D577E /* UserRegistViewController.swift in Sources */,
				3C3947AC1BEA44F800E7FE90 /* CFCityPickerVCCommon.swift in Sources */,
				3C80A5D71BCA5A9C0050B6B6 /* CupViewController.swift in Sources */,
				CB3CF88F1BE9B3F2008D577E /* UIViewController.swift in Sources */,
				CB89F7BB1BE710EE00FD21FD /* TabBarViewController.swift in Sources */,
				3CC57E031BE7BA490050E64E /* KSPickerView.swift in Sources */,
				CB89F7C41BE73CD300FD21FD /* CupProvider.swift in Sources */,
				3C3947AD1BEA44F800E7FE90 /* LocationManager.swift in Sources */,
				CB89F7B31BE70B2700FD21FD /* ClockCollectionViewCell.swift in Sources */,
				CBE1DC351BEAFCD900E1FF29 /* UINavigationController.swift in Sources */,
				3C1BD86D1BEB8DA9003E34F8 /* Colors.swift in Sources */,
				CB89F7C01BE7150A00FD21FD /* R.generated.swift in Sources */,
				3C1BD8671BEB8B47003E34F8 /* CentralViewController.swift in Sources */,
				CBE1DC2B1BE9F06E00E1FF29 /* MineViewController.swift in Sources */,
			);
			runOnlyForDeploymentPostprocessing = 0;
		};
		3C80A5E31BCA5A9D0050B6B6 /* Sources */ = {
			isa = PBXSourcesBuildPhase;
			buildActionMask = 2147483647;
			files = (
				3C80A5EC1BCA5A9D0050B6B6 /* CupTests.swift in Sources */,
			);
			runOnlyForDeploymentPostprocessing = 0;
		};
/* End PBXSourcesBuildPhase section */

/* Begin PBXTargetDependency section */
		3C80A5E91BCA5A9D0050B6B6 /* PBXTargetDependency */ = {
			isa = PBXTargetDependency;
			target = 3C80A5D01BCA5A9C0050B6B6 /* Cup */;
			targetProxy = 3C80A5E81BCA5A9D0050B6B6 /* PBXContainerItemProxy */;
		};
/* End PBXTargetDependency section */

/* Begin PBXVariantGroup section */
		3C1BDF851BF0CA60003E34F8 /* SMS_SDKLocalizable.strings */ = {
			isa = PBXVariantGroup;
			children = (
				3C1BDF861BF0CA60003E34F8 /* en */,
				3C1BDF891BF0CA60003E34F8 /* zh-Hans */,
			);
			name = SMS_SDKLocalizable.strings;
			sourceTree = "<group>";
		};
		3C80A5DF1BCA5A9D0050B6B6 /* LaunchScreen.storyboard */ = {
			isa = PBXVariantGroup;
			children = (
				3C80A5E01BCA5A9D0050B6B6 /* Base */,
			);
			name = LaunchScreen.storyboard;
			sourceTree = "<group>";
		};
/* End PBXVariantGroup section */

/* Begin XCBuildConfiguration section */
		3C80A5EE1BCA5A9D0050B6B6 /* Debug */ = {
			isa = XCBuildConfiguration;
			buildSettings = {
				ALWAYS_SEARCH_USER_PATHS = NO;
				CLANG_CXX_LANGUAGE_STANDARD = "gnu++0x";
				CLANG_CXX_LIBRARY = "libc++";
				CLANG_ENABLE_MODULES = YES;
				CLANG_ENABLE_OBJC_ARC = YES;
				CLANG_WARN_BOOL_CONVERSION = YES;
				CLANG_WARN_CONSTANT_CONVERSION = YES;
				CLANG_WARN_DIRECT_OBJC_ISA_USAGE = YES_ERROR;
				CLANG_WARN_EMPTY_BODY = YES;
				CLANG_WARN_ENUM_CONVERSION = YES;
				CLANG_WARN_INT_CONVERSION = YES;
				CLANG_WARN_OBJC_ROOT_CLASS = YES_ERROR;
				CLANG_WARN_UNREACHABLE_CODE = YES;
				CLANG_WARN__DUPLICATE_METHOD_MATCH = YES;
				"CODE_SIGN_IDENTITY[sdk=iphoneos*]" = "iPhone Developer";
				COPY_PHASE_STRIP = NO;
				DEBUG_INFORMATION_FORMAT = dwarf;
				ENABLE_STRICT_OBJC_MSGSEND = YES;
				ENABLE_TESTABILITY = YES;
				GCC_C_LANGUAGE_STANDARD = gnu99;
				GCC_DYNAMIC_NO_PIC = NO;
				GCC_NO_COMMON_BLOCKS = YES;
				GCC_OPTIMIZATION_LEVEL = 0;
				GCC_PREPROCESSOR_DEFINITIONS = (
					"DEBUG=1",
					"$(inherited)",
				);
				GCC_WARN_64_TO_32_BIT_CONVERSION = YES;
				GCC_WARN_ABOUT_RETURN_TYPE = YES_ERROR;
				GCC_WARN_UNDECLARED_SELECTOR = YES;
				GCC_WARN_UNINITIALIZED_AUTOS = YES_AGGRESSIVE;
				GCC_WARN_UNUSED_FUNCTION = YES;
				GCC_WARN_UNUSED_VARIABLE = YES;
				IPHONEOS_DEPLOYMENT_TARGET = 8.0;
				MTL_ENABLE_DEBUG_INFO = YES;
				ONLY_ACTIVE_ARCH = YES;
				SDKROOT = iphoneos;
				SWIFT_OPTIMIZATION_LEVEL = "-Onone";
			};
			name = Debug;
		};
		3C80A5EF1BCA5A9D0050B6B6 /* Release */ = {
			isa = XCBuildConfiguration;
			buildSettings = {
				ALWAYS_SEARCH_USER_PATHS = NO;
				CLANG_CXX_LANGUAGE_STANDARD = "gnu++0x";
				CLANG_CXX_LIBRARY = "libc++";
				CLANG_ENABLE_MODULES = YES;
				CLANG_ENABLE_OBJC_ARC = YES;
				CLANG_WARN_BOOL_CONVERSION = YES;
				CLANG_WARN_CONSTANT_CONVERSION = YES;
				CLANG_WARN_DIRECT_OBJC_ISA_USAGE = YES_ERROR;
				CLANG_WARN_EMPTY_BODY = YES;
				CLANG_WARN_ENUM_CONVERSION = YES;
				CLANG_WARN_INT_CONVERSION = YES;
				CLANG_WARN_OBJC_ROOT_CLASS = YES_ERROR;
				CLANG_WARN_UNREACHABLE_CODE = YES;
				CLANG_WARN__DUPLICATE_METHOD_MATCH = YES;
				"CODE_SIGN_IDENTITY[sdk=iphoneos*]" = "iPhone Developer";
				COPY_PHASE_STRIP = NO;
				DEBUG_INFORMATION_FORMAT = "dwarf-with-dsym";
				ENABLE_NS_ASSERTIONS = NO;
				ENABLE_STRICT_OBJC_MSGSEND = YES;
				GCC_C_LANGUAGE_STANDARD = gnu99;
				GCC_NO_COMMON_BLOCKS = YES;
				GCC_WARN_64_TO_32_BIT_CONVERSION = YES;
				GCC_WARN_ABOUT_RETURN_TYPE = YES_ERROR;
				GCC_WARN_UNDECLARED_SELECTOR = YES;
				GCC_WARN_UNINITIALIZED_AUTOS = YES_AGGRESSIVE;
				GCC_WARN_UNUSED_FUNCTION = YES;
				GCC_WARN_UNUSED_VARIABLE = YES;
				IPHONEOS_DEPLOYMENT_TARGET = 8.0;
				MTL_ENABLE_DEBUG_INFO = NO;
				SDKROOT = iphoneos;
				VALIDATE_PRODUCT = YES;
			};
			name = Release;
		};
		3C80A5F11BCA5A9D0050B6B6 /* Debug */ = {
			isa = XCBuildConfiguration;
			baseConfigurationReference = 1D52DF8D440B110927C4FB64 /* Pods.debug.xcconfig */;
			buildSettings = {
				ASSETCATALOG_COMPILER_APPICON_NAME = AppIcon;
				ASSETCATALOG_COMPILER_LAUNCHIMAGE_NAME = "Brand Assets";
				CODE_SIGN_IDENTITY = "iPhone Developer";
				FRAMEWORK_SEARCH_PATHS = (
					"$(inherited)",
					"$(PROJECT_DIR)/Cup/SMS",
					"$(PROJECT_DIR)/Cup/SMS_SDK",
				);
				INFOPLIST_FILE = Cup/Info.plist;
				LD_RUNPATH_SEARCH_PATHS = "$(inherited) @executable_path/Frameworks";
				PRODUCT_BUNDLE_IDENTIFIER = im.meiyou.IMYTTQ;
				PRODUCT_NAME = "$(TARGET_NAME)";
				SWIFT_OBJC_BRIDGING_HEADER = "Cup/Bridging-Header.h";
			};
			name = Debug;
		};
		3C80A5F21BCA5A9D0050B6B6 /* Release */ = {
			isa = XCBuildConfiguration;
			baseConfigurationReference = 65F98BEC34B52C4E9381B7EB /* Pods.release.xcconfig */;
			buildSettings = {
				ASSETCATALOG_COMPILER_APPICON_NAME = AppIcon;
				ASSETCATALOG_COMPILER_LAUNCHIMAGE_NAME = "Brand Assets";
				CODE_SIGN_IDENTITY = "iPhone Developer";
				FRAMEWORK_SEARCH_PATHS = (
					"$(inherited)",
					"$(PROJECT_DIR)/Cup/SMS",
					"$(PROJECT_DIR)/Cup/SMS_SDK",
				);
				INFOPLIST_FILE = Cup/Info.plist;
				LD_RUNPATH_SEARCH_PATHS = "$(inherited) @executable_path/Frameworks";
				PRODUCT_BUNDLE_IDENTIFIER = im.meiyou.IMYTTQ;
				PRODUCT_NAME = "$(TARGET_NAME)";
				SWIFT_OBJC_BRIDGING_HEADER = "Cup/Bridging-Header.h";
			};
			name = Release;
		};
		3C80A5F41BCA5A9D0050B6B6 /* Debug */ = {
			isa = XCBuildConfiguration;
			buildSettings = {
				BUNDLE_LOADER = "$(TEST_HOST)";
				INFOPLIST_FILE = CupTests/Info.plist;
				LD_RUNPATH_SEARCH_PATHS = "$(inherited) @executable_path/Frameworks @loader_path/Frameworks";
				PRODUCT_BUNDLE_IDENTIFIER = king.CupTests;
				PRODUCT_NAME = "$(TARGET_NAME)";
				TEST_HOST = "$(BUILT_PRODUCTS_DIR)/Cup.app/Cup";
			};
			name = Debug;
		};
		3C80A5F51BCA5A9D0050B6B6 /* Release */ = {
			isa = XCBuildConfiguration;
			buildSettings = {
				BUNDLE_LOADER = "$(TEST_HOST)";
				INFOPLIST_FILE = CupTests/Info.plist;
				LD_RUNPATH_SEARCH_PATHS = "$(inherited) @executable_path/Frameworks @loader_path/Frameworks";
				PRODUCT_BUNDLE_IDENTIFIER = king.CupTests;
				PRODUCT_NAME = "$(TARGET_NAME)";
				TEST_HOST = "$(BUILT_PRODUCTS_DIR)/Cup.app/Cup";
			};
			name = Release;
		};
/* End XCBuildConfiguration section */

/* Begin XCConfigurationList section */
		3C80A5CC1BCA5A9C0050B6B6 /* Build configuration list for PBXProject "Cup" */ = {
			isa = XCConfigurationList;
			buildConfigurations = (
				3C80A5EE1BCA5A9D0050B6B6 /* Debug */,
				3C80A5EF1BCA5A9D0050B6B6 /* Release */,
			);
			defaultConfigurationIsVisible = 0;
			defaultConfigurationName = Release;
		};
		3C80A5F01BCA5A9D0050B6B6 /* Build configuration list for PBXNativeTarget "Cup" */ = {
			isa = XCConfigurationList;
			buildConfigurations = (
				3C80A5F11BCA5A9D0050B6B6 /* Debug */,
				3C80A5F21BCA5A9D0050B6B6 /* Release */,
			);
			defaultConfigurationIsVisible = 0;
			defaultConfigurationName = Release;
		};
		3C80A5F31BCA5A9D0050B6B6 /* Build configuration list for PBXNativeTarget "CupTests" */ = {
			isa = XCConfigurationList;
			buildConfigurations = (
				3C80A5F41BCA5A9D0050B6B6 /* Debug */,
				3C80A5F51BCA5A9D0050B6B6 /* Release */,
			);
			defaultConfigurationIsVisible = 0;
			defaultConfigurationName = Release;
		};
/* End XCConfigurationList section */
	};
	rootObject = 3C80A5C91BCA5A9C0050B6B6 /* Project object */;
}
