PODS:
  - Alamofire (3.1.1)
  - BluetoothKit (0.2.1)
  - KSJSONHelp (0.4)
  - KSSwiftExtension (0.3.1)
  - Moya/Core (4.3.1):
    - Alamofire (~> 3.0)
  - Moya/ReactiveCore (4.3.1):
    - Moya/Core
  - Moya/RxSwift (4.3.1):
    - Moya/ReactiveCore
    - RxSwift (~> 2.0.0-beta)
  - R.swift (0.11.0)
  - RxCocoa (2.0.0-beta.2):
    - RxSwift (~> 2.0.0-beta)
  - RxSwift (2.0.0-beta.2)
  - SwiftDate (1.2)
  - SwiftyJSON (2.3.1)

DEPENDENCIES:
  - BluetoothKit
  - KSJSONHelp
  - KSSwiftExtension
  - Moya/RxSwift
  - R.swift
  - RxCocoa (~> 2.0.0-beta.2)
  - SwiftDate
  - SwiftyJSON

SPEC CHECKSUMS:
  Alamofire: 9b0a7188b961a03914a99304488bd226b0e46c0e
  BluetoothKit: c1dfd8f529a1d4d2c0778b97a8937b5b68c75395
  KSJSONHelp: e257ea3c7a309cbc9e8a1ea70b379069d956c073
  KSSwiftExtension: 8f4afc4714036daf5bf28d163bca80612d49e97e
  Moya: 980fa0218d80a3f7379c12c7b983e9a664b8b55a
  R.swift: dfd7addf1564914d92745816b76b0563d688f387
  RxCocoa: ee39aa3ab24a8dde3832669f8e1e2c7652925e0c
  RxSwift: 795720c22352cf1f62669ef3695b5df7e195103b
  SwiftDate: 49ebd4efb5f82336cfc2b1d8a6622f47d4b17370
  SwiftyJSON: 592b53bee5ef3dd9b3bebc6b9cb7ee35426ae8c3

COCOAPODS: 0.39.0
